// !$*UTF8*$!
{
	archiveVersion = 1;
	classes = {
	};
	objectVersion = 46;
	objects = {

/* Begin PBXBuildFile section */
		0312F9BB688FA47B2B8411C6 /* Foundation.framework in Frameworks */ = {isa = PBXBuildFile; fileRef = C3B04BD8229EA4EACBE9F186 /* Foundation.framework */; };
		1F866045F114228222774B93 /* Pods_ShareExtension.framework in Frameworks */ = {isa = PBXBuildFile; fileRef = 1CEDAF1CFC9E69B56E6C703E /* Pods_ShareExtension.framework */; };
		3025C5017E38755ED543C19F /* AppDelegate.swift in Sources */ = {isa = PBXBuildFile; fileRef = 7BD548865C59F4E0B3579851 /* AppDelegate.swift */; };
		3BD5D09F0118F5817BC8D19F /* LaunchScreen.xib in Resources */ = {isa = PBXBuildFile; fileRef = F8AFF647E21F7A652D7F2A75 /* LaunchScreen.xib */; };
		75708F5B08A9E99FF55DC00A /* Main.storyboard in Resources */ = {isa = PBXBuildFile; fileRef = 892A020110C6D1604CF22E45 /* Main.storyboard */; };
		81C15AF0389227940E6DEFC6 /* Pods_Botnet.framework in Frameworks */ = {isa = PBXBuildFile; fileRef = 372927C3A5D3EF3DB1DECFA9 /* Pods_Botnet.framework */; };
		CCBBA9C71EB449976C5C1B6F /* Images.xcassets in Resources */ = {isa = PBXBuildFile; fileRef = 55E546C9521C9B5714DBD945 /* Images.xcassets */; };
		DE53CD4715BFF97DB980830A /* Settings.bundle in Resources */ = {isa = PBXBuildFile; fileRef = 906CDFA9196E62B5FFEBC50A /* Settings.bundle */; };
		E747C29D1D11C7F20080EA8D /* ThoughtTableViewCell.swift in Sources */ = {isa = PBXBuildFile; fileRef = E747C29C1D11C7F20080EA8D /* ThoughtTableViewCell.swift */; };
		E747C2A11D11C9280080EA8D /* ThoughtsTableViewController.swift in Sources */ = {isa = PBXBuildFile; fileRef = E747C2A01D11C9280080EA8D /* ThoughtsTableViewController.swift */; };
		E747C2A51D11CECB0080EA8D /* Haneke.framework in Frameworks */ = {isa = PBXBuildFile; fileRef = E747C2A41D11CECB0080EA8D /* Haneke.framework */; };
		E747C2A91D11D4380080EA8D /* Crypto.framework in Frameworks */ = {isa = PBXBuildFile; fileRef = E747C2A81D11D4380080EA8D /* Crypto.framework */; };
		E747C2AD1D11DA8E0080EA8D /* ThoughtsController.swift in Sources */ = {isa = PBXBuildFile; fileRef = E747C2AC1D11DA8E0080EA8D /* ThoughtsController.swift */; };
		E747C2B11D1214070080EA8D /* ComposeViewController.swift in Sources */ = {isa = PBXBuildFile; fileRef = E747C2B01D1214070080EA8D /* ComposeViewController.swift */; };
		E747C2B71D13407A0080EA8D /* SuperDelegate.framework in Frameworks */ = {isa = PBXBuildFile; fileRef = E747C2B61D13407A0080EA8D /* SuperDelegate.framework */; };
		E747C2B91D1349140080EA8D /* UIViewController.swift in Sources */ = {isa = PBXBuildFile; fileRef = E747C2B81D1349140080EA8D /* UIViewController.swift */; };
		E747C2BB1D13613B0080EA8D /* ShortcutIdentifier.swift in Sources */ = {isa = PBXBuildFile; fileRef = E747C2BA1D13613B0080EA8D /* ShortcutIdentifier.swift */; };
		E747C2C31D136BB30080EA8D /* ShareViewController.swift in Sources */ = {isa = PBXBuildFile; fileRef = E747C2C21D136BB30080EA8D /* ShareViewController.swift */; };
		E747C2C61D136BB30080EA8D /* MainInterface.storyboard in Resources */ = {isa = PBXBuildFile; fileRef = E747C2C41D136BB30080EA8D /* MainInterface.storyboard */; };
		E747C2CA1D136BB30080EA8D /* ShareExtension.appex in Embed App Extensions */ = {isa = PBXBuildFile; fileRef = E747C2C01D136BB30080EA8D /* ShareExtension.appex */; settings = {ATTRIBUTES = (RemoveHeadersOnCopy, ); }; };
		E747C3001D1378570080EA8D /* UITableView.swift in Sources */ = {isa = PBXBuildFile; fileRef = E747C2FF1D1378570080EA8D /* UITableView.swift */; };
		E747C3A81D138DF10080EA8D /* BotnetKit.framework in Frameworks */ = {isa = PBXBuildFile; fileRef = E747C3A41D138DA10080EA8D /* BotnetKit.framework */; };
		E747C3A91D138DF10080EA8D /* BotnetKit.framework in Embed Frameworks */ = {isa = PBXBuildFile; fileRef = E747C3A41D138DA10080EA8D /* BotnetKit.framework */; settings = {ATTRIBUTES = (CodeSignOnCopy, RemoveHeadersOnCopy, ); }; };
		E747C3AB1D1394D50080EA8D /* BotnetKit.framework in Frameworks */ = {isa = PBXBuildFile; fileRef = E747C3A41D138DA10080EA8D /* BotnetKit.framework */; };
		E747C3BA1D1398700080EA8D /* ApplicationController.swift in Sources */ = {isa = PBXBuildFile; fileRef = E747C3B91D1398700080EA8D /* ApplicationController.swift */; };
		E77F283D1D10AEE40069E1F2 /* GoogleService-Info.plist in Resources */ = {isa = PBXBuildFile; fileRef = E77F283C1D10AEE40069E1F2 /* GoogleService-Info.plist */; };
		E77F283F1D10B5620069E1F2 /* Environment.swift in Sources */ = {isa = PBXBuildFile; fileRef = E77F283E1D10B5620069E1F2 /* Environment.swift */; };
		E7E466A41D10C3570059D2A4 /* ApplicationViewController.swift in Sources */ = {isa = PBXBuildFile; fileRef = E7E466A31D10C3570059D2A4 /* ApplicationViewController.swift */; };
		E7E466A91D10C4A60059D2A4 /* UIStoryboard.swift in Sources */ = {isa = PBXBuildFile; fileRef = E7E466A81D10C4A60059D2A4 /* UIStoryboard.swift */; };
		E7E466B31D10C7790059D2A4 /* Home.storyboard in Resources */ = {isa = PBXBuildFile; fileRef = E7E466B21D10C7790059D2A4 /* Home.storyboard */; };
		E7E466B51D10C7830059D2A4 /* Authentication.storyboard in Resources */ = {isa = PBXBuildFile; fileRef = E7E466B41D10C7830059D2A4 /* Authentication.storyboard */; };
		E7E466B71D10CE090059D2A4 /* AuthenticationViewController.swift in Sources */ = {isa = PBXBuildFile; fileRef = E7E466B61D10CE090059D2A4 /* AuthenticationViewController.swift */; };
		E7E466B91D11B0580059D2A4 /* Async.framework in Frameworks */ = {isa = PBXBuildFile; fileRef = E7E466B81D11B0580059D2A4 /* Async.framework */; };
		E7E466C51D11B5F40059D2A4 /* Argo.framework in Frameworks */ = {isa = PBXBuildFile; fileRef = E7E466C41D11B5F40059D2A4 /* Argo.framework */; };
		E7E466C71D11B6310059D2A4 /* Curry.framework in Frameworks */ = {isa = PBXBuildFile; fileRef = E7E466C61D11B6310059D2A4 /* Curry.framework */; };
		E7E466C91D11B7370059D2A4 /* RxSwift.framework in Frameworks */ = {isa = PBXBuildFile; fileRef = E7E466C81D11B7370059D2A4 /* RxSwift.framework */; };
		E7E466CB1D11B7590059D2A4 /* RxCocoa.framework in Frameworks */ = {isa = PBXBuildFile; fileRef = E7E466CA1D11B7590059D2A4 /* RxCocoa.framework */; };
		E7E466D51D11B8820059D2A4 /* AuthenticationController.swift in Sources */ = {isa = PBXBuildFile; fileRef = E7E466D41D11B8820059D2A4 /* AuthenticationController.swift */; };
/* End PBXBuildFile section */

/* Begin PBXContainerItemProxy section */
		2960B026059B57DCAB2B3E5C /* PBXContainerItemProxy */ = {
			isa = PBXContainerItemProxy;
			containerPortal = BEDAE6DC1903BFD10C7DBA17 /* Project object */;
			proxyType = 1;
			remoteGlobalIDString = D434D6D4E57FA9A53A046231;
			remoteInfo = Botnet;
		};
		E747C2C81D136BB30080EA8D /* PBXContainerItemProxy */ = {
			isa = PBXContainerItemProxy;
			containerPortal = BEDAE6DC1903BFD10C7DBA17 /* Project object */;
			proxyType = 1;
			remoteGlobalIDString = E747C2BF1D136BB30080EA8D;
			remoteInfo = Share;
		};
/* End PBXContainerItemProxy section */

/* Begin PBXCopyFilesBuildPhase section */
		E747C2CE1D136BB30080EA8D /* Embed App Extensions */ = {
			isa = PBXCopyFilesBuildPhase;
			buildActionMask = 2147483647;
			dstPath = "";
			dstSubfolderSpec = 13;
			files = (
				E747C2CA1D136BB30080EA8D /* ShareExtension.appex in Embed App Extensions */,
			);
			name = "Embed App Extensions";
			runOnlyForDeploymentPostprocessing = 0;
		};
		E747C3AA1D138DF10080EA8D /* Embed Frameworks */ = {
			isa = PBXCopyFilesBuildPhase;
			buildActionMask = 2147483647;
			dstPath = "";
			dstSubfolderSpec = 10;
			files = (
				E747C3A91D138DF10080EA8D /* BotnetKit.framework in Embed Frameworks */,
			);
			name = "Embed Frameworks";
			runOnlyForDeploymentPostprocessing = 0;
		};
/* End PBXCopyFilesBuildPhase section */

/* Begin PBXFileReference section */
		11653712A53DF2E5097A64F1 /* UnitTests.xctest */ = {isa = PBXFileReference; explicitFileType = wrapper.cfbundle; includeInIndex = 0; path = UnitTests.xctest; sourceTree = BUILT_PRODUCTS_DIR; };
		1CACFD2BA3B5D396119A5488 /* Botnet.app */ = {isa = PBXFileReference; explicitFileType = wrapper.application; includeInIndex = 0; path = Botnet.app; sourceTree = BUILT_PRODUCTS_DIR; };
		1CEDAF1CFC9E69B56E6C703E /* Pods_ShareExtension.framework */ = {isa = PBXFileReference; explicitFileType = wrapper.framework; includeInIndex = 0; path = Pods_ShareExtension.framework; sourceTree = BUILT_PRODUCTS_DIR; };
		2052E8ACB74A087A5E945073 /* Pods-ShareExtension.debug.xcconfig */ = {isa = PBXFileReference; includeInIndex = 1; lastKnownFileType = text.xcconfig; name = "Pods-ShareExtension.debug.xcconfig"; path = "Pods/Target Support Files/Pods-ShareExtension/Pods-ShareExtension.debug.xcconfig"; sourceTree = "<group>"; };
		3230C1D33A80EC1DA8A601E2 /* Pods-ShareExtension.release.xcconfig */ = {isa = PBXFileReference; includeInIndex = 1; lastKnownFileType = text.xcconfig; name = "Pods-ShareExtension.release.xcconfig"; path = "Pods/Target Support Files/Pods-ShareExtension/Pods-ShareExtension.release.xcconfig"; sourceTree = "<group>"; };
		372927C3A5D3EF3DB1DECFA9 /* Pods_Botnet.framework */ = {isa = PBXFileReference; explicitFileType = wrapper.framework; includeInIndex = 0; path = Pods_Botnet.framework; sourceTree = BUILT_PRODUCTS_DIR; };
		55E546C9521C9B5714DBD945 /* Images.xcassets */ = {isa = PBXFileReference; includeInIndex = 1; lastKnownFileType = folder.assetcatalog; path = Images.xcassets; sourceTree = "<group>"; };
		5AF48D9A3FB750D9F1BFBCFE /* Info.plist */ = {isa = PBXFileReference; includeInIndex = 1; lastKnownFileType = text.plist.xml; path = Info.plist; sourceTree = "<group>"; };
		7BD548865C59F4E0B3579851 /* AppDelegate.swift */ = {isa = PBXFileReference; includeInIndex = 1; lastKnownFileType = sourcecode.swift; path = AppDelegate.swift; sourceTree = "<group>"; };
		892A020110C6D1604CF22E45 /* Main.storyboard */ = {isa = PBXFileReference; includeInIndex = 1; lastKnownFileType = file.storyboard; path = Main.storyboard; sourceTree = "<group>"; };
		906CDFA9196E62B5FFEBC50A /* Settings.bundle */ = {isa = PBXFileReference; includeInIndex = 1; lastKnownFileType = "wrapper.plug-in"; path = Settings.bundle; sourceTree = "<group>"; };
		C3B04BD8229EA4EACBE9F186 /* Foundation.framework */ = {isa = PBXFileReference; lastKnownFileType = wrapper.framework; name = Foundation.framework; path = Platforms/iPhoneOS.platform/Developer/SDKs/iPhoneOS9.0.sdk/System/Library/Frameworks/Foundation.framework; sourceTree = DEVELOPER_DIR; };
		E747C29C1D11C7F20080EA8D /* ThoughtTableViewCell.swift */ = {isa = PBXFileReference; fileEncoding = 4; lastKnownFileType = sourcecode.swift; path = ThoughtTableViewCell.swift; sourceTree = "<group>"; };
		E747C2A01D11C9280080EA8D /* ThoughtsTableViewController.swift */ = {isa = PBXFileReference; fileEncoding = 4; lastKnownFileType = sourcecode.swift; path = ThoughtsTableViewController.swift; sourceTree = "<group>"; };
		E747C2A41D11CECB0080EA8D /* Haneke.framework */ = {isa = PBXFileReference; lastKnownFileType = wrapper.framework; name = Haneke.framework; path = Carthage/Build/iOS/Haneke.framework; sourceTree = "<group>"; };
		E747C2A81D11D4380080EA8D /* Crypto.framework */ = {isa = PBXFileReference; lastKnownFileType = wrapper.framework; name = Crypto.framework; path = Carthage/Build/iOS/Crypto.framework; sourceTree = "<group>"; };
		E747C2AC1D11DA8E0080EA8D /* ThoughtsController.swift */ = {isa = PBXFileReference; fileEncoding = 4; lastKnownFileType = sourcecode.swift; path = ThoughtsController.swift; sourceTree = "<group>"; };
		E747C2B01D1214070080EA8D /* ComposeViewController.swift */ = {isa = PBXFileReference; fileEncoding = 4; lastKnownFileType = sourcecode.swift; path = ComposeViewController.swift; sourceTree = "<group>"; };
		E747C2B61D13407A0080EA8D /* SuperDelegate.framework */ = {isa = PBXFileReference; lastKnownFileType = wrapper.framework; name = SuperDelegate.framework; path = Carthage/Build/iOS/SuperDelegate.framework; sourceTree = "<group>"; };
		E747C2B81D1349140080EA8D /* UIViewController.swift */ = {isa = PBXFileReference; fileEncoding = 4; lastKnownFileType = sourcecode.swift; path = UIViewController.swift; sourceTree = "<group>"; };
		E747C2BA1D13613B0080EA8D /* ShortcutIdentifier.swift */ = {isa = PBXFileReference; fileEncoding = 4; lastKnownFileType = sourcecode.swift; path = ShortcutIdentifier.swift; sourceTree = "<group>"; };
		E747C2C01D136BB30080EA8D /* ShareExtension.appex */ = {isa = PBXFileReference; explicitFileType = "wrapper.app-extension"; includeInIndex = 0; path = ShareExtension.appex; sourceTree = BUILT_PRODUCTS_DIR; };
		E747C2C21D136BB30080EA8D /* ShareViewController.swift */ = {isa = PBXFileReference; lastKnownFileType = sourcecode.swift; path = ShareViewController.swift; sourceTree = "<group>"; };
		E747C2C51D136BB30080EA8D /* Base */ = {isa = PBXFileReference; lastKnownFileType = file.storyboard; name = Base; path = Base.lproj/MainInterface.storyboard; sourceTree = "<group>"; };
		E747C2C71D136BB30080EA8D /* Info.plist */ = {isa = PBXFileReference; lastKnownFileType = text.plist.xml; path = Info.plist; sourceTree = "<group>"; };
		E747C2FF1D1378570080EA8D /* UITableView.swift */ = {isa = PBXFileReference; fileEncoding = 4; lastKnownFileType = sourcecode.swift; path = UITableView.swift; sourceTree = "<group>"; };
		E747C3A41D138DA10080EA8D /* BotnetKit.framework */ = {isa = PBXFileReference; explicitFileType = wrapper.framework; path = BotnetKit.framework; sourceTree = BUILT_PRODUCTS_DIR; };
		E747C3B91D1398700080EA8D /* ApplicationController.swift */ = {isa = PBXFileReference; fileEncoding = 4; lastKnownFileType = sourcecode.swift; path = ApplicationController.swift; sourceTree = "<group>"; };
		E77F283C1D10AEE40069E1F2 /* GoogleService-Info.plist */ = {isa = PBXFileReference; fileEncoding = 4; lastKnownFileType = text.plist.xml; path = "GoogleService-Info.plist"; sourceTree = "<group>"; };
		E77F283E1D10B5620069E1F2 /* Environment.swift */ = {isa = PBXFileReference; fileEncoding = 4; lastKnownFileType = sourcecode.swift; name = Environment.swift; path = Botnet/Environment.swift; sourceTree = "<group>"; };
		E7E466A31D10C3570059D2A4 /* ApplicationViewController.swift */ = {isa = PBXFileReference; fileEncoding = 4; lastKnownFileType = sourcecode.swift; path = ApplicationViewController.swift; sourceTree = "<group>"; };
		E7E466A81D10C4A60059D2A4 /* UIStoryboard.swift */ = {isa = PBXFileReference; fileEncoding = 4; lastKnownFileType = sourcecode.swift; path = UIStoryboard.swift; sourceTree = "<group>"; };
		E7E466B21D10C7790059D2A4 /* Home.storyboard */ = {isa = PBXFileReference; fileEncoding = 4; lastKnownFileType = file.storyboard; path = Home.storyboard; sourceTree = "<group>"; };
		E7E466B41D10C7830059D2A4 /* Authentication.storyboard */ = {isa = PBXFileReference; fileEncoding = 4; lastKnownFileType = file.storyboard; path = Authentication.storyboard; sourceTree = "<group>"; };
		E7E466B61D10CE090059D2A4 /* AuthenticationViewController.swift */ = {isa = PBXFileReference; fileEncoding = 4; lastKnownFileType = sourcecode.swift; path = AuthenticationViewController.swift; sourceTree = "<group>"; };
		E7E466B81D11B0580059D2A4 /* Async.framework */ = {isa = PBXFileReference; lastKnownFileType = wrapper.framework; name = Async.framework; path = Carthage/Build/iOS/Async.framework; sourceTree = "<group>"; };
		E7E466C41D11B5F40059D2A4 /* Argo.framework */ = {isa = PBXFileReference; lastKnownFileType = wrapper.framework; name = Argo.framework; path = Carthage/Build/iOS/Argo.framework; sourceTree = "<group>"; };
		E7E466C61D11B6310059D2A4 /* Curry.framework */ = {isa = PBXFileReference; lastKnownFileType = wrapper.framework; name = Curry.framework; path = Carthage/Build/iOS/Curry.framework; sourceTree = "<group>"; };
		E7E466C81D11B7370059D2A4 /* RxSwift.framework */ = {isa = PBXFileReference; lastKnownFileType = wrapper.framework; name = RxSwift.framework; path = Carthage/Build/iOS/RxSwift.framework; sourceTree = "<group>"; };
		E7E466CA1D11B7590059D2A4 /* RxCocoa.framework */ = {isa = PBXFileReference; lastKnownFileType = wrapper.framework; name = RxCocoa.framework; path = Carthage/Build/iOS/RxCocoa.framework; sourceTree = "<group>"; };
		E7E466D41D11B8820059D2A4 /* AuthenticationController.swift */ = {isa = PBXFileReference; fileEncoding = 4; lastKnownFileType = sourcecode.swift; path = AuthenticationController.swift; sourceTree = "<group>"; };
		EAEF264383161D1B0E5DBE9E /* UnitTests-Info.plist */ = {isa = PBXFileReference; includeInIndex = 1; lastKnownFileType = text.plist.xml; path = "UnitTests-Info.plist"; sourceTree = "<group>"; };
		EBF089B0B0779CFAEDAEF15A /* Pods-Botnet.debug.xcconfig */ = {isa = PBXFileReference; includeInIndex = 1; lastKnownFileType = text.xcconfig; name = "Pods-Botnet.debug.xcconfig"; path = "Pods/Target Support Files/Pods-Botnet/Pods-Botnet.debug.xcconfig"; sourceTree = "<group>"; };
		F54A8FB2145FEE74D101196A /* Pods-Botnet.release.xcconfig */ = {isa = PBXFileReference; includeInIndex = 1; lastKnownFileType = text.xcconfig; name = "Pods-Botnet.release.xcconfig"; path = "Pods/Target Support Files/Pods-Botnet/Pods-Botnet.release.xcconfig"; sourceTree = "<group>"; };
		F8AFF647E21F7A652D7F2A75 /* LaunchScreen.xib */ = {isa = PBXFileReference; includeInIndex = 1; lastKnownFileType = file.xib; path = LaunchScreen.xib; sourceTree = "<group>"; };
/* End PBXFileReference section */

/* Begin PBXFrameworksBuildPhase section */
		8CDF8FEC92FB3F8ED8C59ED1 /* Frameworks */ = {
			isa = PBXFrameworksBuildPhase;
			buildActionMask = 2147483647;
			files = (
			);
			runOnlyForDeploymentPostprocessing = 0;
		};
		8E3608594C59ACAD3D0B4877 /* Frameworks */ = {
			isa = PBXFrameworksBuildPhase;
			buildActionMask = 2147483647;
			files = (
				0312F9BB688FA47B2B8411C6 /* Foundation.framework in Frameworks */,
				E7E466C51D11B5F40059D2A4 /* Argo.framework in Frameworks */,
				E7E466B91D11B0580059D2A4 /* Async.framework in Frameworks */,
				E747C3A81D138DF10080EA8D /* BotnetKit.framework in Frameworks */,
				E747C2A91D11D4380080EA8D /* Crypto.framework in Frameworks */,
				E7E466C71D11B6310059D2A4 /* Curry.framework in Frameworks */,
				E747C2A51D11CECB0080EA8D /* Haneke.framework in Frameworks */,
				E7E466CB1D11B7590059D2A4 /* RxCocoa.framework in Frameworks */,
				E7E466C91D11B7370059D2A4 /* RxSwift.framework in Frameworks */,
				E747C2B71D13407A0080EA8D /* SuperDelegate.framework in Frameworks */,
				81C15AF0389227940E6DEFC6 /* Pods_Botnet.framework in Frameworks */,
			);
			runOnlyForDeploymentPostprocessing = 0;
		};
		E747C2BD1D136BB30080EA8D /* Frameworks */ = {
			isa = PBXFrameworksBuildPhase;
			buildActionMask = 2147483647;
			files = (
				1F866045F114228222774B93 /* Pods_ShareExtension.framework in Frameworks */,
				E747C3AB1D1394D50080EA8D /* BotnetKit.framework in Frameworks */,
			);
			runOnlyForDeploymentPostprocessing = 0;
		};
/* End PBXFrameworksBuildPhase section */

/* Begin PBXGroup section */
		0226F9906295582F052D6FF8 /* Models */ = {
			isa = PBXGroup;
			children = (
				E747C2BA1D13613B0080EA8D /* ShortcutIdentifier.swift */,
			);
			path = Models;
			sourceTree = "<group>";
		};
		09D30123AD76B6304BB9AC0C /* Resources */ = {
			isa = PBXGroup;
			children = (
				55E546C9521C9B5714DBD945 /* Images.xcassets */,
				5978A445B3DC026014CEC106 /* Storyboards */,
				B4A275D10714CAEFCC914080 /* Nibs */,
				A68B9601481A1DA0764AF803 /* Other-Sources */,
				906CDFA9196E62B5FFEBC50A /* Settings.bundle */,
			);
			path = Resources;
			sourceTree = "<group>";
		};
		2EFCAAA33FF5D20DCC949461 /* Helpers */ = {
			isa = PBXGroup;
			children = (
			);
			path = Helpers;
			sourceTree = "<group>";
		};
		340D35B007BFB4B821FC0C13 /* Extensions */ = {
			isa = PBXGroup;
			children = (
				E7E466A81D10C4A60059D2A4 /* UIStoryboard.swift */,
				E747C2B81D1349140080EA8D /* UIViewController.swift */,
				E747C2FF1D1378570080EA8D /* UITableView.swift */,
			);
			path = Extensions;
			sourceTree = "<group>";
		};
		51D5E511FD8DB8AEDE732BB3 /* ViewModels */ = {
			isa = PBXGroup;
			children = (
			);
			path = ViewModels;
			sourceTree = "<group>";
		};
		5978A445B3DC026014CEC106 /* Storyboards */ = {
			isa = PBXGroup;
			children = (
				E7E466B41D10C7830059D2A4 /* Authentication.storyboard */,
				E7E466B21D10C7790059D2A4 /* Home.storyboard */,
				892A020110C6D1604CF22E45 /* Main.storyboard */,
			);
			path = Storyboards;
			sourceTree = "<group>";
		};
		74D5036886D499F01B3DF042 /* UnitTests */ = {
			isa = PBXGroup;
			children = (
				E120D0642E7A6D282EAD0889 /* Resources */,
				2EFCAAA33FF5D20DCC949461 /* Helpers */,
				DA0CA33215F3956C7A68EAAD /* Tests */,
			);
			path = UnitTests;
			sourceTree = "<group>";
		};
		7D9FA2B9EF8820F27957AECB /* Botnet */ = {
			isa = PBXGroup;
			children = (
				E7E466A71D10C3E70059D2A4 /* ViewControllers */,
				340D35B007BFB4B821FC0C13 /* Extensions */,
				A98CFF8C62C3BF92D6B2D859 /* Protocols */,
				0226F9906295582F052D6FF8 /* Models */,
				51D5E511FD8DB8AEDE732BB3 /* ViewModels */,
				B88666209CD301B3EE665F98 /* Controllers */,
				94D5B650D86B489AE0603C2B /* Views */,
				09D30123AD76B6304BB9AC0C /* Resources */,
			);
			path = Botnet;
			sourceTree = "<group>";
		};
		94D5B650D86B489AE0603C2B /* Views */ = {
			isa = PBXGroup;
			children = (
				E747C29C1D11C7F20080EA8D /* ThoughtTableViewCell.swift */,
			);
			path = Views;
			sourceTree = "<group>";
		};
		A68B9601481A1DA0764AF803 /* Other-Sources */ = {
			isa = PBXGroup;
			children = (
				5AF48D9A3FB750D9F1BFBCFE /* Info.plist */,
				E77F283C1D10AEE40069E1F2 /* GoogleService-Info.plist */,
			);
			path = "Other-Sources";
			sourceTree = "<group>";
		};
		A98CFF8C62C3BF92D6B2D859 /* Protocols */ = {
			isa = PBXGroup;
			children = (
			);
			path = Protocols;
			sourceTree = "<group>";
		};
		AC67F1ECC53C92ABDFDD65DD /* Pods */ = {
			isa = PBXGroup;
			children = (
				F54A8FB2145FEE74D101196A /* Pods-Botnet.release.xcconfig */,
				EBF089B0B0779CFAEDAEF15A /* Pods-Botnet.debug.xcconfig */,
				2052E8ACB74A087A5E945073 /* Pods-ShareExtension.debug.xcconfig */,
				3230C1D33A80EC1DA8A601E2 /* Pods-ShareExtension.release.xcconfig */,
			);
			name = Pods;
			sourceTree = "<group>";
		};
		B306BDBBF6B3F3D9B9EE9E9C /* Frameworks */ = {
			isa = PBXGroup;
			children = (
				E747C3A41D138DA10080EA8D /* BotnetKit.framework */,
				E747C2B61D13407A0080EA8D /* SuperDelegate.framework */,
				E747C2A81D11D4380080EA8D /* Crypto.framework */,
				E747C2A41D11CECB0080EA8D /* Haneke.framework */,
				E7E466CA1D11B7590059D2A4 /* RxCocoa.framework */,
				E7E466C81D11B7370059D2A4 /* RxSwift.framework */,
				E7E466C61D11B6310059D2A4 /* Curry.framework */,
				E7E466C41D11B5F40059D2A4 /* Argo.framework */,
				E7E466B81D11B0580059D2A4 /* Async.framework */,
				C3C5E8BA7302AC27530290F8 /* iOS */,
				372927C3A5D3EF3DB1DECFA9 /* Pods_Botnet.framework */,
				1CEDAF1CFC9E69B56E6C703E /* Pods_ShareExtension.framework */,
			);
			name = Frameworks;
			sourceTree = "<group>";
		};
		B4A275D10714CAEFCC914080 /* Nibs */ = {
			isa = PBXGroup;
			children = (
				F8AFF647E21F7A652D7F2A75 /* LaunchScreen.xib */,
			);
			path = Nibs;
			sourceTree = "<group>";
		};
		B88666209CD301B3EE665F98 /* Controllers */ = {
			isa = PBXGroup;
			children = (
				E747C3B91D1398700080EA8D /* ApplicationController.swift */,
				7BD548865C59F4E0B3579851 /* AppDelegate.swift */,
				E7E466D41D11B8820059D2A4 /* AuthenticationController.swift */,
				E747C2AC1D11DA8E0080EA8D /* ThoughtsController.swift */,
			);
			path = Controllers;
			sourceTree = "<group>";
		};
		C3C5E8BA7302AC27530290F8 /* iOS */ = {
			isa = PBXGroup;
			children = (
				C3B04BD8229EA4EACBE9F186 /* Foundation.framework */,
			);
			name = iOS;
			sourceTree = "<group>";
		};
		C9D755AB3F9571FC787AA4B5 = {
			isa = PBXGroup;
			children = (
				E77F283E1D10B5620069E1F2 /* Environment.swift */,
				7D9FA2B9EF8820F27957AECB /* Botnet */,
				E747C2C11D136BB30080EA8D /* ShareExtension */,
				74D5036886D499F01B3DF042 /* UnitTests */,
				B306BDBBF6B3F3D9B9EE9E9C /* Frameworks */,
				F77DA4EA0E0F4BE0728D3F4E /* Products */,
				AC67F1ECC53C92ABDFDD65DD /* Pods */,
			);
			indentWidth = 2;
			sourceTree = "<group>";
			tabWidth = 2;
			usesTabs = 0;
		};
		DA0CA33215F3956C7A68EAAD /* Tests */ = {
			isa = PBXGroup;
			children = (
			);
			path = Tests;
			sourceTree = "<group>";
		};
		E120D0642E7A6D282EAD0889 /* Resources */ = {
			isa = PBXGroup;
			children = (
				EAEF264383161D1B0E5DBE9E /* UnitTests-Info.plist */,
			);
			path = Resources;
			sourceTree = "<group>";
		};
		E747C2C11D136BB30080EA8D /* ShareExtension */ = {
			isa = PBXGroup;
			children = (
				E747C2C21D136BB30080EA8D /* ShareViewController.swift */,
				E747C2C41D136BB30080EA8D /* MainInterface.storyboard */,
				E747C2C71D136BB30080EA8D /* Info.plist */,
			);
			name = ShareExtension;
			path = Share;
			sourceTree = "<group>";
		};
		E7E466A71D10C3E70059D2A4 /* ViewControllers */ = {
			isa = PBXGroup;
			children = (
				E7E466A31D10C3570059D2A4 /* ApplicationViewController.swift */,
				E7E466B61D10CE090059D2A4 /* AuthenticationViewController.swift */,
				E747C2A01D11C9280080EA8D /* ThoughtsTableViewController.swift */,
				E747C2B01D1214070080EA8D /* ComposeViewController.swift */,
			);
			path = ViewControllers;
			sourceTree = "<group>";
		};
		F77DA4EA0E0F4BE0728D3F4E /* Products */ = {
			isa = PBXGroup;
			children = (
				1CACFD2BA3B5D396119A5488 /* Botnet.app */,
				11653712A53DF2E5097A64F1 /* UnitTests.xctest */,
				E747C2C01D136BB30080EA8D /* ShareExtension.appex */,
			);
			name = Products;
			sourceTree = "<group>";
		};
/* End PBXGroup section */

/* Begin PBXNativeTarget section */
		6B51FBCB719E71DADB5B0EF7 /* UnitTests */ = {
			isa = PBXNativeTarget;
			buildConfigurationList = 35957F05C471DB98E7327C0C /* Build configuration list for PBXNativeTarget "UnitTests" */;
			buildPhases = (
				6317D09E92FACDE57E35A17C /* [CP] Check Pods Manifest.lock */,
				A1E3A6D270B635C43B00E40C /* Sources */,
				8CDF8FEC92FB3F8ED8C59ED1 /* Frameworks */,
				1E23AD7D92AF7A656206D1BB /* Resources */,
				E2E24517ABC330D237BB64D9 /* [CP] Embed Pods Frameworks */,
				236584F3E91D3B250538064F /* [CP] Copy Pods Resources */,
			);
			buildRules = (
			);
			dependencies = (
				68CF52C88587892C4E96E7A2 /* PBXTargetDependency */,
			);
			name = UnitTests;
			productName = UnitTests;
			productReference = 11653712A53DF2E5097A64F1 /* UnitTests.xctest */;
			productType = "com.apple.product-type.bundle.unit-test";
		};
		D434D6D4E57FA9A53A046231 /* Botnet */ = {
			isa = PBXNativeTarget;
			buildConfigurationList = 932E9D5E6DAEF747899CA123 /* Build configuration list for PBXNativeTarget "Botnet" */;
			buildPhases = (
				F0B5724E9F7484FDB9DE47E6 /* [CP] Check Pods Manifest.lock */,
				71371ED0B9E82E61322234FE /* Sources */,
				8E3608594C59ACAD3D0B4877 /* Frameworks */,
				2BCEA675378F560AE25F9156 /* Resources */,
				86C521E79850A89398EDDF2F /* [CP] Embed Pods Frameworks */,
				0E92B7F7699BD71C3E6E5E45 /* [CP] Copy Pods Resources */,
				02AB7F80FB790B2297357289 /* Warn for TODO and FIXME comments */,
				6106EF2348DC509BF6A4F368 /* Copy frameworks (Carthage) */,
				E747C3AA1D138DF10080EA8D /* Embed Frameworks */,
				E747C2CE1D136BB30080EA8D /* Embed App Extensions */,
				E77F28401D10B73A0069E1F2 /* Upload Symbols to Firebase */,
			);
			buildRules = (
			);
			dependencies = (
				E747C2C91D136BB30080EA8D /* PBXTargetDependency */,
			);
			name = Botnet;
			productName = Botnet;
			productReference = 1CACFD2BA3B5D396119A5488 /* Botnet.app */;
			productType = "com.apple.product-type.application";
		};
		E747C2BF1D136BB30080EA8D /* ShareExtension */ = {
			isa = PBXNativeTarget;
			buildConfigurationList = E747C2CB1D136BB30080EA8D /* Build configuration list for PBXNativeTarget "ShareExtension" */;
			buildPhases = (
				FE9610D2C96CC22A32EB314E /* [CP] Check Pods Manifest.lock */,
				E747C2BC1D136BB30080EA8D /* Sources */,
				E747C2BD1D136BB30080EA8D /* Frameworks */,
				E747C2BE1D136BB30080EA8D /* Resources */,
				02B705D410E6E1B9EDFCAF63 /* [CP] Embed Pods Frameworks */,
				1460B57E281B65037133B5FA /* [CP] Copy Pods Resources */,
			);
			buildRules = (
			);
			dependencies = (
			);
			name = ShareExtension;
			productName = Share;
			productReference = E747C2C01D136BB30080EA8D /* ShareExtension.appex */;
			productType = "com.apple.product-type.app-extension";
		};
/* End PBXNativeTarget section */

/* Begin PBXProject section */
		BEDAE6DC1903BFD10C7DBA17 /* Project object */ = {
			isa = PBXProject;
			attributes = {
				CLASSPREFIX = "";
				LastSwiftUpdateCheck = 0730;
				LastUpgradeCheck = 0730;
				ORGANIZATIONNAME = thoughtbot;
				TargetAttributes = {
					E747C2BF1D136BB30080EA8D = {
						CreatedOnToolsVersion = 7.3.1;
					};
				};
			};
			buildConfigurationList = C5215157C70B51A57F34E4DB /* Build configuration list for PBXProject "Botnet" */;
			compatibilityVersion = "Xcode 3.2";
			developmentRegion = English;
			hasScannedForEncodings = 0;
			knownRegions = (
				en,
				Base,
			);
			mainGroup = C9D755AB3F9571FC787AA4B5;
			productRefGroup = F77DA4EA0E0F4BE0728D3F4E /* Products */;
			projectDirPath = "";
			projectRoot = "";
			targets = (
				D434D6D4E57FA9A53A046231 /* Botnet */,
				E747C2BF1D136BB30080EA8D /* ShareExtension */,
				6B51FBCB719E71DADB5B0EF7 /* UnitTests */,
			);
		};
/* End PBXProject section */

/* Begin PBXResourcesBuildPhase section */
		1E23AD7D92AF7A656206D1BB /* Resources */ = {
			isa = PBXResourcesBuildPhase;
			buildActionMask = 2147483647;
			files = (
			);
			runOnlyForDeploymentPostprocessing = 0;
		};
		2BCEA675378F560AE25F9156 /* Resources */ = {
			isa = PBXResourcesBuildPhase;
			buildActionMask = 2147483647;
			files = (
				CCBBA9C71EB449976C5C1B6F /* Images.xcassets in Resources */,
				E7E466B51D10C7830059D2A4 /* Authentication.storyboard in Resources */,
				75708F5B08A9E99FF55DC00A /* Main.storyboard in Resources */,
				E77F283D1D10AEE40069E1F2 /* GoogleService-Info.plist in Resources */,
				E7E466B31D10C7790059D2A4 /* Home.storyboard in Resources */,
				3BD5D09F0118F5817BC8D19F /* LaunchScreen.xib in Resources */,
				DE53CD4715BFF97DB980830A /* Settings.bundle in Resources */,
			);
			runOnlyForDeploymentPostprocessing = 0;
		};
		E747C2BE1D136BB30080EA8D /* Resources */ = {
			isa = PBXResourcesBuildPhase;
			buildActionMask = 2147483647;
			files = (
				E747C2C61D136BB30080EA8D /* MainInterface.storyboard in Resources */,
			);
			runOnlyForDeploymentPostprocessing = 0;
		};
/* End PBXResourcesBuildPhase section */

/* Begin PBXShellScriptBuildPhase section */
		02AB7F80FB790B2297357289 /* Warn for TODO and FIXME comments */ = {
			isa = PBXShellScriptBuildPhase;
			buildActionMask = 2147483647;
			files = (
			);
			inputPaths = (
			);
			name = "Warn for TODO and FIXME comments";
			outputPaths = (
			);
			runOnlyForDeploymentPostprocessing = 0;
			shellPath = /bin/sh;
			shellScript = "KEYWORDS=\"TODO:|FIXME:|\\?\\?\\?:|\\!\\!\\!:\"\nFILE_EXTENSIONS=\"swift|h|m|mm|c|cpp\"\nfind -E \"${SRCROOT}\" -ipath \"${SRCROOT}/Carthage\" -o -ipath \"${SRCROOT}/pods\" -prune -o \\( -regex \".*\\.($FILE_EXTENSIONS)$\" \\) -print0 | xargs -0 egrep --with-filename --line-number --only-matching \"($KEYWORDS).*\\$\" | perl -p -e \"s/($KEYWORDS)/ warning: \\$1/\"\n";
		};
		02B705D410E6E1B9EDFCAF63 /* [CP] Embed Pods Frameworks */ = {
			isa = PBXShellScriptBuildPhase;
			buildActionMask = 2147483647;
			files = (
			);
			inputPaths = (
			);
			name = "[CP] Embed Pods Frameworks";
			outputPaths = (
			);
			runOnlyForDeploymentPostprocessing = 0;
			shellPath = /bin/sh;
			shellScript = "\"${SRCROOT}/Pods/Target Support Files/Pods-ShareExtension/Pods-ShareExtension-frameworks.sh\"\n";
			showEnvVarsInLog = 0;
		};
		0E92B7F7699BD71C3E6E5E45 /* [CP] Copy Pods Resources */ = {
			isa = PBXShellScriptBuildPhase;
			buildActionMask = 2147483647;
			files = (
			);
			inputPaths = (
			);
			name = "[CP] Copy Pods Resources";
			outputPaths = (
			);
			runOnlyForDeploymentPostprocessing = 0;
			shellPath = /bin/sh;
			shellScript = "\"${SRCROOT}/Pods/Target Support Files/Pods-Botnet/Pods-Botnet-resources.sh\"\n";
			showEnvVarsInLog = 0;
		};
		1460B57E281B65037133B5FA /* [CP] Copy Pods Resources */ = {
			isa = PBXShellScriptBuildPhase;
			buildActionMask = 2147483647;
			files = (
			);
			inputPaths = (
			);
			name = "[CP] Copy Pods Resources";
			outputPaths = (
			);
			runOnlyForDeploymentPostprocessing = 0;
			shellPath = /bin/sh;
			shellScript = "\"${SRCROOT}/Pods/Target Support Files/Pods-ShareExtension/Pods-ShareExtension-resources.sh\"\n";
			showEnvVarsInLog = 0;
		};
		236584F3E91D3B250538064F /* [CP] Copy Pods Resources */ = {
			isa = PBXShellScriptBuildPhase;
			buildActionMask = 2147483647;
			files = (
			);
			inputPaths = (
			);
			name = "[CP] Copy Pods Resources";
			outputPaths = (
			);
			runOnlyForDeploymentPostprocessing = 0;
			shellPath = /bin/sh;
			shellScript = "\"${SRCROOT}/Pods/Target Support Files/Pods-unit_tests-UnitTests/Pods-unit_tests-UnitTests-resources.sh\"\n";
			showEnvVarsInLog = 0;
		};
		6106EF2348DC509BF6A4F368 /* Copy frameworks (Carthage) */ = {
			isa = PBXShellScriptBuildPhase;
			buildActionMask = 2147483647;
			files = (
			);
			inputPaths = (
				"$(SRCROOT)/Carthage/Build/iOS/Async.framework",
				"$(SRCROOT)/Carthage/Build/iOS/Curry.framework",
				"$(SRCROOT)/Carthage/Build/iOS/Argo.framework",
				"$(SRCROOT)/Carthage/Build/iOS/RxSwift.framework",
				"$(SRCROOT)/Carthage/Build/iOS/RxCocoa.framework",
				"$(SRCROOT)/Carthage/Build/iOS/Haneke.framework",
				"$(SRCROOT)/Carthage/Build/iOS/Crypto.framework",
				"$(SRCROOT)/Carthage/Build/iOS/SuperDelegate.framework",
			);
			name = "Copy frameworks (Carthage)";
			outputPaths = (
			);
			runOnlyForDeploymentPostprocessing = 0;
			shellPath = /bin/sh;
			shellScript = "/usr/local/bin/carthage copy-frameworks\n";
		};
		6317D09E92FACDE57E35A17C /* [CP] Check Pods Manifest.lock */ = {
			isa = PBXShellScriptBuildPhase;
			buildActionMask = 2147483647;
			files = (
			);
			inputPaths = (
			);
			name = "[CP] Check Pods Manifest.lock";
			outputPaths = (
			);
			runOnlyForDeploymentPostprocessing = 0;
			shellPath = /bin/sh;
			shellScript = "diff \"${PODS_ROOT}/../Podfile.lock\" \"${PODS_ROOT}/Manifest.lock\" > /dev/null\nif [[ $? != 0 ]] ; then\n    cat << EOM\nerror: The sandbox is not in sync with the Podfile.lock. Run 'pod install' or update your CocoaPods installation.\nEOM\n    exit 1\nfi\n";
			showEnvVarsInLog = 0;
		};
		86C521E79850A89398EDDF2F /* [CP] Embed Pods Frameworks */ = {
			isa = PBXShellScriptBuildPhase;
			buildActionMask = 2147483647;
			files = (
			);
			inputPaths = (
			);
			name = "[CP] Embed Pods Frameworks";
			outputPaths = (
			);
			runOnlyForDeploymentPostprocessing = 0;
			shellPath = /bin/sh;
			shellScript = "\"${SRCROOT}/Pods/Target Support Files/Pods-Botnet/Pods-Botnet-frameworks.sh\"\n";
			showEnvVarsInLog = 0;
		};
		E2E24517ABC330D237BB64D9 /* [CP] Embed Pods Frameworks */ = {
			isa = PBXShellScriptBuildPhase;
			buildActionMask = 2147483647;
			files = (
			);
			inputPaths = (
			);
			name = "[CP] Embed Pods Frameworks";
			outputPaths = (
			);
			runOnlyForDeploymentPostprocessing = 0;
			shellPath = /bin/sh;
			shellScript = "\"${SRCROOT}/Pods/Target Support Files/Pods-unit_tests-UnitTests/Pods-unit_tests-UnitTests-frameworks.sh\"\n";
			showEnvVarsInLog = 0;
		};
		E77F28401D10B73A0069E1F2 /* Upload Symbols to Firebase */ = {
			isa = PBXShellScriptBuildPhase;
			buildActionMask = 2147483647;
			files = (
			);
			inputPaths = (
			);
			name = "Upload Symbols to Firebase";
			outputPaths = (
			);
			runOnlyForDeploymentPostprocessing = 0;
			shellPath = /bin/sh;
			shellScript = "# Replace this path with the path to the key you just downloaded\nJSON_FILE=Botnet/Resources/Other-Sources/Botnet-a3355c871b4d.json\n\n# Replace this with the GOOGLE_APP_ID from your GoogleService-Info.plist file\nGOOGLE_APP_ID=1:603646813539:ios:d521b53b120c0fcc\n\ndefaults write com.google.SymbolUpload version -integer 1   # creates file if it does not exist\nJSON=$(cat \"${JSON_FILE}\")\n/usr/bin/plutil -replace \"app_${GOOGLE_APP_ID//:/_}\" -json \"${JSON}\" \"$HOME/Library/Preferences/com.google.SymbolUpload.plist\"\n\"${PODS_ROOT}\"/FirebaseCrash/upload-sym";
		};
		F0B5724E9F7484FDB9DE47E6 /* [CP] Check Pods Manifest.lock */ = {
			isa = PBXShellScriptBuildPhase;
			buildActionMask = 2147483647;
			files = (
			);
			inputPaths = (
			);
			name = "[CP] Check Pods Manifest.lock";
			outputPaths = (
			);
			runOnlyForDeploymentPostprocessing = 0;
			shellPath = /bin/sh;
			shellScript = "diff \"${PODS_ROOT}/../Podfile.lock\" \"${PODS_ROOT}/Manifest.lock\" > /dev/null\nif [[ $? != 0 ]] ; then\n    cat << EOM\nerror: The sandbox is not in sync with the Podfile.lock. Run 'pod install' or update your CocoaPods installation.\nEOM\n    exit 1\nfi\n";
			showEnvVarsInLog = 0;
		};
		FE9610D2C96CC22A32EB314E /* [CP] Check Pods Manifest.lock */ = {
			isa = PBXShellScriptBuildPhase;
			buildActionMask = 2147483647;
			files = (
			);
			inputPaths = (
			);
			name = "[CP] Check Pods Manifest.lock";
			outputPaths = (
			);
			runOnlyForDeploymentPostprocessing = 0;
			shellPath = /bin/sh;
			shellScript = "diff \"${PODS_ROOT}/../Podfile.lock\" \"${PODS_ROOT}/Manifest.lock\" > /dev/null\nif [[ $? != 0 ]] ; then\n    cat << EOM\nerror: The sandbox is not in sync with the Podfile.lock. Run 'pod install' or update your CocoaPods installation.\nEOM\n    exit 1\nfi\n";
			showEnvVarsInLog = 0;
		};
/* End PBXShellScriptBuildPhase section */

/* Begin PBXSourcesBuildPhase section */
		71371ED0B9E82E61322234FE /* Sources */ = {
			isa = PBXSourcesBuildPhase;
			buildActionMask = 2147483647;
			files = (
				E747C2AD1D11DA8E0080EA8D /* ThoughtsController.swift in Sources */,
				3025C5017E38755ED543C19F /* AppDelegate.swift in Sources */,
				E747C3BA1D1398700080EA8D /* ApplicationController.swift in Sources */,
				E747C29D1D11C7F20080EA8D /* ThoughtTableViewCell.swift in Sources */,
				E7E466B71D10CE090059D2A4 /* AuthenticationViewController.swift in Sources */,
				E7E466A91D10C4A60059D2A4 /* UIStoryboard.swift in Sources */,
				E747C2B91D1349140080EA8D /* UIViewController.swift in Sources */,
				E7E466D51D11B8820059D2A4 /* AuthenticationController.swift in Sources */,
				E77F283F1D10B5620069E1F2 /* Environment.swift in Sources */,
				E747C2BB1D13613B0080EA8D /* ShortcutIdentifier.swift in Sources */,
				E747C2A11D11C9280080EA8D /* ThoughtsTableViewController.swift in Sources */,
				E747C2B11D1214070080EA8D /* ComposeViewController.swift in Sources */,
				E747C3001D1378570080EA8D /* UITableView.swift in Sources */,
				E7E466A41D10C3570059D2A4 /* ApplicationViewController.swift in Sources */,
			);
			runOnlyForDeploymentPostprocessing = 0;
		};
		A1E3A6D270B635C43B00E40C /* Sources */ = {
			isa = PBXSourcesBuildPhase;
			buildActionMask = 2147483647;
			files = (
			);
			runOnlyForDeploymentPostprocessing = 0;
		};
		E747C2BC1D136BB30080EA8D /* Sources */ = {
			isa = PBXSourcesBuildPhase;
			buildActionMask = 2147483647;
			files = (
				E747C2C31D136BB30080EA8D /* ShareViewController.swift in Sources */,
			);
			runOnlyForDeploymentPostprocessing = 0;
		};
/* End PBXSourcesBuildPhase section */

/* Begin PBXTargetDependency section */
		68CF52C88587892C4E96E7A2 /* PBXTargetDependency */ = {
			isa = PBXTargetDependency;
			name = Botnet;
			target = D434D6D4E57FA9A53A046231 /* Botnet */;
			targetProxy = 2960B026059B57DCAB2B3E5C /* PBXContainerItemProxy */;
		};
		E747C2C91D136BB30080EA8D /* PBXTargetDependency */ = {
			isa = PBXTargetDependency;
			target = E747C2BF1D136BB30080EA8D /* ShareExtension */;
			targetProxy = E747C2C81D136BB30080EA8D /* PBXContainerItemProxy */;
		};
/* End PBXTargetDependency section */

/* Begin PBXVariantGroup section */
		E747C2C41D136BB30080EA8D /* MainInterface.storyboard */ = {
			isa = PBXVariantGroup;
			children = (
				E747C2C51D136BB30080EA8D /* Base */,
			);
			name = MainInterface.storyboard;
			sourceTree = "<group>";
		};
/* End PBXVariantGroup section */

/* Begin XCBuildConfiguration section */
		1B33B158F4A6329F81DFEC9C /* Debug */ = {
			isa = XCBuildConfiguration;
			baseConfigurationReference = EBF089B0B0779CFAEDAEF15A /* Pods-Botnet.debug.xcconfig */;
			buildSettings = {
				ASSETCATALOG_COMPILER_APPICON_NAME = AppIcon;
				"CODE_SIGN_IDENTITY[sdk=iphoneos*]" = "iPhone Developer";
				EMBEDDED_CONTENT_CONTAINS_SWIFT = YES;
				ENABLE_STRICT_OBJC_MSGSEND = YES;
				FRAMEWORK_SEARCH_PATHS = (
					"$(inherited)",
					"$(PROJECT_DIR)/Carthage/Build/iOS",
				);
				INFOPLIST_FILE = "Botnet/Resources/Other-Sources/Info.plist";
				LD_RUNPATH_SEARCH_PATHS = "$(inherited) @executable_path/Frameworks";
				MTL_ENABLE_DEBUG_INFO = YES;
				PRODUCT_BUNDLE_IDENTIFIER = "com.thoughtbot.${PRODUCT_NAME:rfc1034identifier}";
				PRODUCT_NAME = "$(TARGET_NAME)";
				SDKROOT = iphoneos;
			};
			name = Debug;
		};
		35F1C257CCDEA1EF0757B136 /* Release */ = {
			isa = XCBuildConfiguration;
			buildSettings = {
				ALWAYS_SEARCH_USER_PATHS = NO;
				ASSETCATALOG_COMPILER_APPICON_NAME = AppIcon;
				CLANG_CXX_LANGUAGE_STANDARD = "gnu++0x";
				CLANG_CXX_LIBRARY = "libc++";
				CLANG_ENABLE_MODULES = YES;
				CLANG_ENABLE_OBJC_ARC = YES;
				CLANG_WARN_BOOL_CONVERSION = YES;
				CLANG_WARN_CONSTANT_CONVERSION = YES;
				CLANG_WARN_DEPRECATED_OBJC_IMPLEMENTATIONS = YES;
				CLANG_WARN_DIRECT_OBJC_ISA_USAGE = YES;
				CLANG_WARN_EMPTY_BODY = YES;
				CLANG_WARN_ENUM_CONVERSION = YES;
				CLANG_WARN_IMPLICIT_SIGN_CONVERSION = YES;
				CLANG_WARN_INT_CONVERSION = YES;
				CLANG_WARN_OBJC_IMPLICIT_RETAIN_SELF = YES;
				CLANG_WARN_OBJC_ROOT_CLASS = YES;
				CLANG_WARN_SUSPICIOUS_IMPLICIT_CONVERSION = YES;
				CLANG_WARN_UNREACHABLE_CODE = YES;
				CLANG_WARN__DUPLICATE_METHOD_MATCH = YES;
				"CODE_SIGN_IDENTITY[sdk=iphoneos*]" = "iPhone Developer";
				COPY_PHASE_STRIP = YES;
				ENABLE_NS_ASSERTIONS = NO;
				GCC_C_LANGUAGE_STANDARD = gnu99;
				GCC_WARN_64_TO_32_BIT_CONVERSION = YES;
				GCC_WARN_ABOUT_DEPRECATED_FUNCTIONS = YES;
				GCC_WARN_ABOUT_MISSING_FIELD_INITIALIZERS = YES;
				GCC_WARN_ABOUT_MISSING_NEWLINE = YES;
				GCC_WARN_ABOUT_RETURN_TYPE = YES;
				GCC_WARN_CHECK_SWITCH_STATEMENTS = YES;
				GCC_WARN_INITIALIZER_NOT_FULLY_BRACKETED = YES;
				GCC_WARN_MISSING_PARENTHESES = YES;
				GCC_WARN_SHADOW = YES;
				GCC_WARN_SIGN_COMPARE = YES;
				GCC_WARN_TYPECHECK_CALLS_TO_PRINTF = YES;
				GCC_WARN_UNDECLARED_SELECTOR = YES;
				GCC_WARN_UNINITIALIZED_AUTOS = YES;
				GCC_WARN_UNUSED_FUNCTION = YES;
				GCC_WARN_UNUSED_LABEL = YES;
				GCC_WARN_UNUSED_VALUE = YES;
				GCC_WARN_UNUSED_VARIABLE = YES;
				IPHONEOS_DEPLOYMENT_TARGET = 9.0;
				RUN_CLANG_STATIC_ANALYZER = YES;
				SDKROOT = iphoneos;
				VALIDATE_PRODUCT = YES;
			};
			name = Release;
		};
		CE4CCEA6711067744130E424 /* Release */ = {
			isa = XCBuildConfiguration;
			baseConfigurationReference = F54A8FB2145FEE74D101196A /* Pods-Botnet.release.xcconfig */;
			buildSettings = {
				ASSETCATALOG_COMPILER_APPICON_NAME = AppIcon;
				"CODE_SIGN_IDENTITY[sdk=iphoneos*]" = "iPhone Developer";
				EMBEDDED_CONTENT_CONTAINS_SWIFT = YES;
				ENABLE_STRICT_OBJC_MSGSEND = YES;
				FRAMEWORK_SEARCH_PATHS = (
					"$(inherited)",
					"$(PROJECT_DIR)/Carthage/Build/iOS",
				);
				GCC_TREAT_WARNINGS_AS_ERRORS = YES;
				INFOPLIST_FILE = "Botnet/Resources/Other-Sources/Info.plist";
				LD_RUNPATH_SEARCH_PATHS = "$(inherited) @executable_path/Frameworks";
				MTL_ENABLE_DEBUG_INFO = NO;
				PRODUCT_BUNDLE_IDENTIFIER = "com.thoughtbot.${PRODUCT_NAME:rfc1034identifier}";
				PRODUCT_NAME = "$(TARGET_NAME)";
				SDKROOT = iphoneos;
			};
			name = Release;
		};
		DD3FB926D282D408E0109D6B /* Debug */ = {
			isa = XCBuildConfiguration;
			buildSettings = {
				ALWAYS_SEARCH_USER_PATHS = NO;
				ASSETCATALOG_COMPILER_APPICON_NAME = AppIcon;
				CLANG_CXX_LANGUAGE_STANDARD = "gnu++0x";
				CLANG_CXX_LIBRARY = "libc++";
				CLANG_ENABLE_MODULES = YES;
				CLANG_ENABLE_OBJC_ARC = YES;
				CLANG_WARN_BOOL_CONVERSION = YES;
				CLANG_WARN_CONSTANT_CONVERSION = YES;
				CLANG_WARN_DEPRECATED_OBJC_IMPLEMENTATIONS = YES;
				CLANG_WARN_DIRECT_OBJC_ISA_USAGE = YES;
				CLANG_WARN_EMPTY_BODY = YES;
				CLANG_WARN_ENUM_CONVERSION = YES;
				CLANG_WARN_IMPLICIT_SIGN_CONVERSION = YES;
				CLANG_WARN_INT_CONVERSION = YES;
				CLANG_WARN_OBJC_IMPLICIT_RETAIN_SELF = YES;
				CLANG_WARN_OBJC_ROOT_CLASS = YES;
				CLANG_WARN_SUSPICIOUS_IMPLICIT_CONVERSION = YES;
				CLANG_WARN_UNREACHABLE_CODE = YES;
				CLANG_WARN__DUPLICATE_METHOD_MATCH = YES;
				"CODE_SIGN_IDENTITY[sdk=iphoneos*]" = "iPhone Developer";
				COPY_PHASE_STRIP = NO;
				ENABLE_TESTABILITY = YES;
				GCC_C_LANGUAGE_STANDARD = gnu99;
				GCC_DYNAMIC_NO_PIC = NO;
				GCC_OPTIMIZATION_LEVEL = 0;
				GCC_PREPROCESSOR_DEFINITIONS = (
					"DEBUG=1",
					"$(inherited)",
				);
				GCC_SYMBOLS_PRIVATE_EXTERN = NO;
				GCC_WARN_64_TO_32_BIT_CONVERSION = YES;
				GCC_WARN_ABOUT_DEPRECATED_FUNCTIONS = YES;
				GCC_WARN_ABOUT_MISSING_FIELD_INITIALIZERS = YES;
				GCC_WARN_ABOUT_MISSING_NEWLINE = YES;
				GCC_WARN_ABOUT_RETURN_TYPE = YES;
				GCC_WARN_CHECK_SWITCH_STATEMENTS = YES;
				GCC_WARN_INITIALIZER_NOT_FULLY_BRACKETED = YES;
				GCC_WARN_MISSING_PARENTHESES = YES;
				GCC_WARN_SHADOW = YES;
				GCC_WARN_SIGN_COMPARE = YES;
				GCC_WARN_TYPECHECK_CALLS_TO_PRINTF = YES;
				GCC_WARN_UNDECLARED_SELECTOR = YES;
				GCC_WARN_UNINITIALIZED_AUTOS = YES;
				GCC_WARN_UNUSED_FUNCTION = YES;
				GCC_WARN_UNUSED_LABEL = YES;
				GCC_WARN_UNUSED_VALUE = YES;
				GCC_WARN_UNUSED_VARIABLE = YES;
				IPHONEOS_DEPLOYMENT_TARGET = 9.0;
				ONLY_ACTIVE_ARCH = YES;
				RUN_CLANG_STATIC_ANALYZER = YES;
				SDKROOT = iphoneos;
			};
			name = Debug;
		};
		E747C2CC1D136BB30080EA8D /* Debug */ = {
			isa = XCBuildConfiguration;
			baseConfigurationReference = 2052E8ACB74A087A5E945073 /* Pods-ShareExtension.debug.xcconfig */;
			buildSettings = {
				CLANG_ANALYZER_NONNULL = YES;
				CLANG_WARN_DIRECT_OBJC_ISA_USAGE = YES_ERROR;
				CLANG_WARN_OBJC_ROOT_CLASS = YES_ERROR;
				DEBUG_INFORMATION_FORMAT = dwarf;
				ENABLE_STRICT_OBJC_MSGSEND = YES;
				GCC_NO_COMMON_BLOCKS = YES;
				GCC_WARN_ABOUT_RETURN_TYPE = YES_ERROR;
				GCC_WARN_UNINITIALIZED_AUTOS = YES_AGGRESSIVE;
				INFOPLIST_FILE = Share/Info.plist;
				IPHONEOS_DEPLOYMENT_TARGET = 9.0;
				LD_RUNPATH_SEARCH_PATHS = "$(inherited) @executable_path/Frameworks @executable_path/../../Frameworks";
				MTL_ENABLE_DEBUG_INFO = YES;
				PRODUCT_BUNDLE_IDENTIFIER = com.thoughtbot.Botnet.ShareExtension;
				PRODUCT_NAME = "$(TARGET_NAME)";
				SKIP_INSTALL = YES;
				SWIFT_OPTIMIZATION_LEVEL = "-Onone";
			};
			name = Debug;
		};
		E747C2CD1D136BB30080EA8D /* Release */ = {
			isa = XCBuildConfiguration;
			baseConfigurationReference = 3230C1D33A80EC1DA8A601E2 /* Pods-ShareExtension.release.xcconfig */;
			buildSettings = {
				CLANG_ANALYZER_NONNULL = YES;
				CLANG_WARN_DIRECT_OBJC_ISA_USAGE = YES_ERROR;
				CLANG_WARN_OBJC_ROOT_CLASS = YES_ERROR;
				COPY_PHASE_STRIP = NO;
				DEBUG_INFORMATION_FORMAT = "dwarf-with-dsym";
				ENABLE_STRICT_OBJC_MSGSEND = YES;
				GCC_NO_COMMON_BLOCKS = YES;
				GCC_WARN_ABOUT_RETURN_TYPE = YES_ERROR;
				GCC_WARN_UNINITIALIZED_AUTOS = YES_AGGRESSIVE;
				INFOPLIST_FILE = Share/Info.plist;
				IPHONEOS_DEPLOYMENT_TARGET = 9.0;
				LD_RUNPATH_SEARCH_PATHS = "$(inherited) @executable_path/Frameworks @executable_path/../../Frameworks";
				MTL_ENABLE_DEBUG_INFO = NO;
				PRODUCT_BUNDLE_IDENTIFIER = com.thoughtbot.Botnet.ShareExtension;
				PRODUCT_NAME = "$(TARGET_NAME)";
				SKIP_INSTALL = YES;
			};
			name = Release;
		};
		EBDAD85B2162D65EBE10B93E /* Release */ = {
			isa = XCBuildConfiguration;
			buildSettings = {
				BUNDLE_LOADER = "$(BUILT_PRODUCTS_DIR)/Botnet.app/Botnet";
				ENABLE_STRICT_OBJC_MSGSEND = YES;
				FRAMEWORK_SEARCH_PATHS = (
					"$(SDKROOT)/Developer/Library/Frameworks",
					"$(inherited)",
					"$(DEVELOPER_FRAMEWORKS_DIR)",
				);
				INFOPLIST_FILE = "UnitTests/Resources/UnitTests-Info.plist";
				PRODUCT_BUNDLE_IDENTIFIER = "com.thoughtbot.${PRODUCT_NAME:rfc1034identifier}";
				PRODUCT_NAME = "$(TARGET_NAME)";
				SDKROOT = iphoneos;
				SKIP_INSTALL = YES;
				TEST_HOST = "$(BUNDLE_LOADER)";
				WRAPPER_EXTENSION = xctest;
			};
			name = Release;
		};
		F3A47009A113B3DFAB0D4762 /* Debug */ = {
			isa = XCBuildConfiguration;
			buildSettings = {
				BUNDLE_LOADER = "$(BUILT_PRODUCTS_DIR)/Botnet.app/Botnet";
				ENABLE_STRICT_OBJC_MSGSEND = YES;
				FRAMEWORK_SEARCH_PATHS = (
					"$(SDKROOT)/Developer/Library/Frameworks",
					"$(inherited)",
					"$(DEVELOPER_FRAMEWORKS_DIR)",
				);
				INFOPLIST_FILE = "UnitTests/Resources/UnitTests-Info.plist";
				PRODUCT_BUNDLE_IDENTIFIER = "com.thoughtbot.${PRODUCT_NAME:rfc1034identifier}";
				PRODUCT_NAME = "$(TARGET_NAME)";
				SDKROOT = iphoneos;
				SKIP_INSTALL = YES;
				TEST_HOST = "$(BUNDLE_LOADER)";
				WRAPPER_EXTENSION = xctest;
			};
			name = Debug;
		};
/* End XCBuildConfiguration section */

/* Begin XCConfigurationList section */
		35957F05C471DB98E7327C0C /* Build configuration list for PBXNativeTarget "UnitTests" */ = {
			isa = XCConfigurationList;
			buildConfigurations = (
				EBDAD85B2162D65EBE10B93E /* Release */,
				F3A47009A113B3DFAB0D4762 /* Debug */,
			);
			defaultConfigurationIsVisible = 0;
			defaultConfigurationName = Release;
		};
		932E9D5E6DAEF747899CA123 /* Build configuration list for PBXNativeTarget "Botnet" */ = {
			isa = XCConfigurationList;
			buildConfigurations = (
				CE4CCEA6711067744130E424 /* Release */,
				1B33B158F4A6329F81DFEC9C /* Debug */,
			);
			defaultConfigurationIsVisible = 0;
			defaultConfigurationName = Release;
		};
		C5215157C70B51A57F34E4DB /* Build configuration list for PBXProject "Botnet" */ = {
			isa = XCConfigurationList;
			buildConfigurations = (
				DD3FB926D282D408E0109D6B /* Debug */,
				35F1C257CCDEA1EF0757B136 /* Release */,
			);
			defaultConfigurationIsVisible = 0;
			defaultConfigurationName = Release;
		};
		E747C2CB1D136BB30080EA8D /* Build configuration list for PBXNativeTarget "ShareExtension" */ = {
			isa = XCConfigurationList;
			buildConfigurations = (
				E747C2CC1D136BB30080EA8D /* Debug */,
				E747C2CD1D136BB30080EA8D /* Release */,
			);
			defaultConfigurationIsVisible = 0;
			defaultConfigurationName = Release;
		};
/* End XCConfigurationList section */
	};
	rootObject = BEDAE6DC1903BFD10C7DBA17 /* Project object */;
}
