// !$*UTF8*$!
{
	archiveVersion = 1;
	classes = {
	};
	objectVersion = 46;
	objects = {

/* Begin PBXBuildFile section */
		0312F9BB688FA47B2B8411C6 /* Foundation.framework in Frameworks */ = {isa = PBXBuildFile; fileRef = C3B04BD8229EA4EACBE9F186 /* Foundation.framework */; };
		3025C5017E38755ED543C19F /* AppDelegate.swift in Sources */ = {isa = PBXBuildFile; fileRef = 7BD548865C59F4E0B3579851 /* AppDelegate.swift */; };
		3BD5D09F0118F5817BC8D19F /* LaunchScreen.xib in Resources */ = {isa = PBXBuildFile; fileRef = F8AFF647E21F7A652D7F2A75 /* LaunchScreen.xib */; };
		5C6A480F549902D21D2CA85A /* Pods_unit_tests_UnitTests.framework in Frameworks */ = {isa = PBXBuildFile; fileRef = 11AD89C6A73AF535C07BABB0 /* Pods_unit_tests_UnitTests.framework */; };
		75708F5B08A9E99FF55DC00A /* Main.storyboard in Resources */ = {isa = PBXBuildFile; fileRef = 892A020110C6D1604CF22E45 /* Main.storyboard */; };
		CCBBA9C71EB449976C5C1B6F /* Images.xcassets in Resources */ = {isa = PBXBuildFile; fileRef = 55E546C9521C9B5714DBD945 /* Images.xcassets */; };
		D57833939A123207147FC2F9 /* Pods_Botnet.framework in Frameworks */ = {isa = PBXBuildFile; fileRef = B08D4CDC009C29C2C5173265 /* Pods_Botnet.framework */; };
		DE53CD4715BFF97DB980830A /* Settings.bundle in Resources */ = {isa = PBXBuildFile; fileRef = 906CDFA9196E62B5FFEBC50A /* Settings.bundle */; };
		E77F283D1D10AEE40069E1F2 /* GoogleService-Info.plist in Resources */ = {isa = PBXBuildFile; fileRef = E77F283C1D10AEE40069E1F2 /* GoogleService-Info.plist */; };
		E77F283F1D10B5620069E1F2 /* Environment.swift in Sources */ = {isa = PBXBuildFile; fileRef = E77F283E1D10B5620069E1F2 /* Environment.swift */; };
/* End PBXBuildFile section */

/* Begin PBXContainerItemProxy section */
		2960B026059B57DCAB2B3E5C /* PBXContainerItemProxy */ = {
			isa = PBXContainerItemProxy;
			containerPortal = BEDAE6DC1903BFD10C7DBA17 /* Project object */;
			proxyType = 1;
			remoteGlobalIDString = D434D6D4E57FA9A53A046231;
			remoteInfo = Botnet;
		};
/* End PBXContainerItemProxy section */

/* Begin PBXFileReference section */
		11653712A53DF2E5097A64F1 /* UnitTests.xctest */ = {isa = PBXFileReference; explicitFileType = wrapper.cfbundle; includeInIndex = 0; path = UnitTests.xctest; sourceTree = BUILT_PRODUCTS_DIR; };
		11AD89C6A73AF535C07BABB0 /* Pods_unit_tests_UnitTests.framework */ = {isa = PBXFileReference; explicitFileType = wrapper.framework; includeInIndex = 0; path = Pods_unit_tests_UnitTests.framework; sourceTree = BUILT_PRODUCTS_DIR; };
		1CACFD2BA3B5D396119A5488 /* Botnet.app */ = {isa = PBXFileReference; explicitFileType = wrapper.application; includeInIndex = 0; path = Botnet.app; sourceTree = BUILT_PRODUCTS_DIR; };
		4F9AB997088AC4BB00A25708 /* Pods-Botnet.release.xcconfig */ = {isa = PBXFileReference; includeInIndex = 1; lastKnownFileType = text.xcconfig; name = "Pods-Botnet.release.xcconfig"; path = "Pods/Target Support Files/Pods-Botnet/Pods-Botnet.release.xcconfig"; sourceTree = "<group>"; };
		55E546C9521C9B5714DBD945 /* Images.xcassets */ = {isa = PBXFileReference; includeInIndex = 1; lastKnownFileType = folder.assetcatalog; path = Images.xcassets; sourceTree = "<group>"; };
		5AF48D9A3FB750D9F1BFBCFE /* Info.plist */ = {isa = PBXFileReference; includeInIndex = 1; lastKnownFileType = text.plist.xml; path = Info.plist; sourceTree = "<group>"; };
		6CB4489DC823FC557C24D958 /* Pods-unit_tests-UnitTests.debug.xcconfig */ = {isa = PBXFileReference; includeInIndex = 1; lastKnownFileType = text.xcconfig; name = "Pods-unit_tests-UnitTests.debug.xcconfig"; path = "Pods/Target Support Files/Pods-unit_tests-UnitTests/Pods-unit_tests-UnitTests.debug.xcconfig"; sourceTree = "<group>"; };
		7BD548865C59F4E0B3579851 /* AppDelegate.swift */ = {isa = PBXFileReference; includeInIndex = 1; lastKnownFileType = sourcecode.swift; path = AppDelegate.swift; sourceTree = "<group>"; };
		892A020110C6D1604CF22E45 /* Main.storyboard */ = {isa = PBXFileReference; includeInIndex = 1; lastKnownFileType = file.storyboard; path = Main.storyboard; sourceTree = "<group>"; };
		906CDFA9196E62B5FFEBC50A /* Settings.bundle */ = {isa = PBXFileReference; includeInIndex = 1; lastKnownFileType = "wrapper.plug-in"; path = Settings.bundle; sourceTree = "<group>"; };
		B08D4CDC009C29C2C5173265 /* Pods_Botnet.framework */ = {isa = PBXFileReference; explicitFileType = wrapper.framework; includeInIndex = 0; path = Pods_Botnet.framework; sourceTree = BUILT_PRODUCTS_DIR; };
		BD1D261F497E5B555848E106 /* Pods-unit_tests-UnitTests.release.xcconfig */ = {isa = PBXFileReference; includeInIndex = 1; lastKnownFileType = text.xcconfig; name = "Pods-unit_tests-UnitTests.release.xcconfig"; path = "Pods/Target Support Files/Pods-unit_tests-UnitTests/Pods-unit_tests-UnitTests.release.xcconfig"; sourceTree = "<group>"; };
		C3B04BD8229EA4EACBE9F186 /* Foundation.framework */ = {isa = PBXFileReference; lastKnownFileType = wrapper.framework; name = Foundation.framework; path = Platforms/iPhoneOS.platform/Developer/SDKs/iPhoneOS9.0.sdk/System/Library/Frameworks/Foundation.framework; sourceTree = DEVELOPER_DIR; };
		E77F283C1D10AEE40069E1F2 /* GoogleService-Info.plist */ = {isa = PBXFileReference; fileEncoding = 4; lastKnownFileType = text.plist.xml; path = "GoogleService-Info.plist"; sourceTree = "<group>"; };
		E77F283E1D10B5620069E1F2 /* Environment.swift */ = {isa = PBXFileReference; fileEncoding = 4; lastKnownFileType = sourcecode.swift; name = Environment.swift; path = Botnet/Environment.swift; sourceTree = "<group>"; };
		EAEF264383161D1B0E5DBE9E /* UnitTests-Info.plist */ = {isa = PBXFileReference; includeInIndex = 1; lastKnownFileType = text.plist.xml; path = "UnitTests-Info.plist"; sourceTree = "<group>"; };
		F4C5B4B7761ECA7AD6A3D6C2 /* Pods-Botnet.debug.xcconfig */ = {isa = PBXFileReference; includeInIndex = 1; lastKnownFileType = text.xcconfig; name = "Pods-Botnet.debug.xcconfig"; path = "Pods/Target Support Files/Pods-Botnet/Pods-Botnet.debug.xcconfig"; sourceTree = "<group>"; };
		F8AFF647E21F7A652D7F2A75 /* LaunchScreen.xib */ = {isa = PBXFileReference; includeInIndex = 1; lastKnownFileType = file.xib; path = LaunchScreen.xib; sourceTree = "<group>"; };
/* End PBXFileReference section */

/* Begin PBXFrameworksBuildPhase section */
		8CDF8FEC92FB3F8ED8C59ED1 /* Frameworks */ = {
			isa = PBXFrameworksBuildPhase;
			buildActionMask = 2147483647;
			files = (
				5C6A480F549902D21D2CA85A /* Pods_unit_tests_UnitTests.framework in Frameworks */,
			);
			runOnlyForDeploymentPostprocessing = 0;
		};
		8E3608594C59ACAD3D0B4877 /* Frameworks */ = {
			isa = PBXFrameworksBuildPhase;
			buildActionMask = 2147483647;
			files = (
				0312F9BB688FA47B2B8411C6 /* Foundation.framework in Frameworks */,
				D57833939A123207147FC2F9 /* Pods_Botnet.framework in Frameworks */,
			);
			runOnlyForDeploymentPostprocessing = 0;
		};
/* End PBXFrameworksBuildPhase section */

/* Begin PBXGroup section */
		0226F9906295582F052D6FF8 /* Models */ = {
			isa = PBXGroup;
			children = (
			);
			path = Models;
			sourceTree = "<group>";
		};
		09D30123AD76B6304BB9AC0C /* Resources */ = {
			isa = PBXGroup;
			children = (
				55E546C9521C9B5714DBD945 /* Images.xcassets */,
				5978A445B3DC026014CEC106 /* Storyboards */,
				B4A275D10714CAEFCC914080 /* Nibs */,
				A68B9601481A1DA0764AF803 /* Other-Sources */,
				906CDFA9196E62B5FFEBC50A /* Settings.bundle */,
			);
			path = Resources;
			sourceTree = "<group>";
		};
		2EFCAAA33FF5D20DCC949461 /* Helpers */ = {
			isa = PBXGroup;
			children = (
			);
			path = Helpers;
			sourceTree = "<group>";
		};
		304993C012603D350600EE6D /* Pods */ = {
			isa = PBXGroup;
			children = (
				4F9AB997088AC4BB00A25708 /* Pods-Botnet.release.xcconfig */,
				F4C5B4B7761ECA7AD6A3D6C2 /* Pods-Botnet.debug.xcconfig */,
				BD1D261F497E5B555848E106 /* Pods-unit_tests-UnitTests.release.xcconfig */,
				6CB4489DC823FC557C24D958 /* Pods-unit_tests-UnitTests.debug.xcconfig */,
			);
			name = Pods;
			sourceTree = "<group>";
		};
		340D35B007BFB4B821FC0C13 /* Extensions */ = {
			isa = PBXGroup;
			children = (
			);
			path = Extensions;
			sourceTree = "<group>";
		};
		51D5E511FD8DB8AEDE732BB3 /* ViewModels */ = {
			isa = PBXGroup;
			children = (
			);
			path = ViewModels;
			sourceTree = "<group>";
		};
		5978A445B3DC026014CEC106 /* Storyboards */ = {
			isa = PBXGroup;
			children = (
				892A020110C6D1604CF22E45 /* Main.storyboard */,
			);
			path = Storyboards;
			sourceTree = "<group>";
		};
		74D5036886D499F01B3DF042 /* UnitTests */ = {
			isa = PBXGroup;
			children = (
				E120D0642E7A6D282EAD0889 /* Resources */,
				2EFCAAA33FF5D20DCC949461 /* Helpers */,
				DA0CA33215F3956C7A68EAAD /* Tests */,
			);
			path = UnitTests;
			sourceTree = "<group>";
		};
		7D9FA2B9EF8820F27957AECB /* Botnet */ = {
			isa = PBXGroup;
			children = (
				340D35B007BFB4B821FC0C13 /* Extensions */,
				A98CFF8C62C3BF92D6B2D859 /* Protocols */,
				0226F9906295582F052D6FF8 /* Models */,
				51D5E511FD8DB8AEDE732BB3 /* ViewModels */,
				B88666209CD301B3EE665F98 /* Controllers */,
				94D5B650D86B489AE0603C2B /* Views */,
				09D30123AD76B6304BB9AC0C /* Resources */,
			);
			path = Botnet;
			sourceTree = "<group>";
		};
		94D5B650D86B489AE0603C2B /* Views */ = {
			isa = PBXGroup;
			children = (
			);
			path = Views;
			sourceTree = "<group>";
		};
		A68B9601481A1DA0764AF803 /* Other-Sources */ = {
			isa = PBXGroup;
			children = (
				5AF48D9A3FB750D9F1BFBCFE /* Info.plist */,
				E77F283C1D10AEE40069E1F2 /* GoogleService-Info.plist */,
			);
			path = "Other-Sources";
			sourceTree = "<group>";
		};
		A98CFF8C62C3BF92D6B2D859 /* Protocols */ = {
			isa = PBXGroup;
			children = (
			);
			path = Protocols;
			sourceTree = "<group>";
		};
		B306BDBBF6B3F3D9B9EE9E9C /* Frameworks */ = {
			isa = PBXGroup;
			children = (
				C3C5E8BA7302AC27530290F8 /* iOS */,
				B08D4CDC009C29C2C5173265 /* Pods_Botnet.framework */,
				11AD89C6A73AF535C07BABB0 /* Pods_unit_tests_UnitTests.framework */,
			);
			name = Frameworks;
			sourceTree = "<group>";
		};
		B4A275D10714CAEFCC914080 /* Nibs */ = {
			isa = PBXGroup;
			children = (
				F8AFF647E21F7A652D7F2A75 /* LaunchScreen.xib */,
			);
			path = Nibs;
			sourceTree = "<group>";
		};
		B88666209CD301B3EE665F98 /* Controllers */ = {
			isa = PBXGroup;
			children = (
				7BD548865C59F4E0B3579851 /* AppDelegate.swift */,
			);
			path = Controllers;
			sourceTree = "<group>";
		};
		C3C5E8BA7302AC27530290F8 /* iOS */ = {
			isa = PBXGroup;
			children = (
				C3B04BD8229EA4EACBE9F186 /* Foundation.framework */,
			);
			name = iOS;
			sourceTree = "<group>";
		};
		C9D755AB3F9571FC787AA4B5 = {
			isa = PBXGroup;
			children = (
				7D9FA2B9EF8820F27957AECB /* Botnet */,
				E77F283E1D10B5620069E1F2 /* Environment.swift */,
				74D5036886D499F01B3DF042 /* UnitTests */,
				B306BDBBF6B3F3D9B9EE9E9C /* Frameworks */,
				F77DA4EA0E0F4BE0728D3F4E /* Products */,
				304993C012603D350600EE6D /* Pods */,
			);
			indentWidth = 2;
			sourceTree = "<group>";
			tabWidth = 2;
			usesTabs = 0;
		};
		DA0CA33215F3956C7A68EAAD /* Tests */ = {
			isa = PBXGroup;
			children = (
			);
			path = Tests;
			sourceTree = "<group>";
		};
		E120D0642E7A6D282EAD0889 /* Resources */ = {
			isa = PBXGroup;
			children = (
				EAEF264383161D1B0E5DBE9E /* UnitTests-Info.plist */,
			);
			path = Resources;
			sourceTree = "<group>";
		};
		F77DA4EA0E0F4BE0728D3F4E /* Products */ = {
			isa = PBXGroup;
			children = (
				1CACFD2BA3B5D396119A5488 /* Botnet.app */,
				11653712A53DF2E5097A64F1 /* UnitTests.xctest */,
			);
			name = Products;
			sourceTree = "<group>";
		};
/* End PBXGroup section */

/* Begin PBXNativeTarget section */
		6B51FBCB719E71DADB5B0EF7 /* UnitTests */ = {
			isa = PBXNativeTarget;
			buildConfigurationList = 35957F05C471DB98E7327C0C /* Build configuration list for PBXNativeTarget "UnitTests" */;
			buildPhases = (
				6317D09E92FACDE57E35A17C /* [CP] Check Pods Manifest.lock */,
				A1E3A6D270B635C43B00E40C /* Sources */,
				8CDF8FEC92FB3F8ED8C59ED1 /* Frameworks */,
				1E23AD7D92AF7A656206D1BB /* Resources */,
				E2E24517ABC330D237BB64D9 /* [CP] Embed Pods Frameworks */,
				236584F3E91D3B250538064F /* [CP] Copy Pods Resources */,
			);
			buildRules = (
			);
			dependencies = (
				68CF52C88587892C4E96E7A2 /* PBXTargetDependency */,
			);
			name = UnitTests;
			productName = UnitTests;
			productReference = 11653712A53DF2E5097A64F1 /* UnitTests.xctest */;
			productType = "com.apple.product-type.bundle.unit-test";
		};
		D434D6D4E57FA9A53A046231 /* Botnet */ = {
			isa = PBXNativeTarget;
			buildConfigurationList = 932E9D5E6DAEF747899CA123 /* Build configuration list for PBXNativeTarget "Botnet" */;
			buildPhases = (
				F0B5724E9F7484FDB9DE47E6 /* [CP] Check Pods Manifest.lock */,
				71371ED0B9E82E61322234FE /* Sources */,
				8E3608594C59ACAD3D0B4877 /* Frameworks */,
				2BCEA675378F560AE25F9156 /* Resources */,
				86C521E79850A89398EDDF2F /* [CP] Embed Pods Frameworks */,
				0E92B7F7699BD71C3E6E5E45 /* [CP] Copy Pods Resources */,
				02AB7F80FB790B2297357289 /* Warn for TODO and FIXME comments */,
				7997846C61DC31E180E92169 /* Set version number */,
				6106EF2348DC509BF6A4F368 /* Copy frameworks (Carthage) */,
			);
			buildRules = (
			);
			dependencies = (
			);
			name = Botnet;
			productName = Botnet;
			productReference = 1CACFD2BA3B5D396119A5488 /* Botnet.app */;
			productType = "com.apple.product-type.application";
		};
/* End PBXNativeTarget section */

/* Begin PBXProject section */
		BEDAE6DC1903BFD10C7DBA17 /* Project object */ = {
			isa = PBXProject;
			attributes = {
				CLASSPREFIX = "";
				LastSwiftUpdateCheck = 0700;
				LastUpgradeCheck = 0730;
				ORGANIZATIONNAME = thoughtbot;
			};
			buildConfigurationList = C5215157C70B51A57F34E4DB /* Build configuration list for PBXProject "Botnet" */;
			compatibilityVersion = "Xcode 3.2";
			developmentRegion = English;
			hasScannedForEncodings = 0;
			knownRegions = (
				en,
			);
			mainGroup = C9D755AB3F9571FC787AA4B5;
			productRefGroup = F77DA4EA0E0F4BE0728D3F4E /* Products */;
			projectDirPath = "";
			projectRoot = "";
			targets = (
				D434D6D4E57FA9A53A046231 /* Botnet */,
				6B51FBCB719E71DADB5B0EF7 /* UnitTests */,
			);
		};
/* End PBXProject section */

/* Begin PBXResourcesBuildPhase section */
		1E23AD7D92AF7A656206D1BB /* Resources */ = {
			isa = PBXResourcesBuildPhase;
			buildActionMask = 2147483647;
			files = (
			);
			runOnlyForDeploymentPostprocessing = 0;
		};
		2BCEA675378F560AE25F9156 /* Resources */ = {
			isa = PBXResourcesBuildPhase;
			buildActionMask = 2147483647;
			files = (
				CCBBA9C71EB449976C5C1B6F /* Images.xcassets in Resources */,
				75708F5B08A9E99FF55DC00A /* Main.storyboard in Resources */,
				E77F283D1D10AEE40069E1F2 /* GoogleService-Info.plist in Resources */,
				3BD5D09F0118F5817BC8D19F /* LaunchScreen.xib in Resources */,
				DE53CD4715BFF97DB980830A /* Settings.bundle in Resources */,
			);
			runOnlyForDeploymentPostprocessing = 0;
		};
/* End PBXResourcesBuildPhase section */

/* Begin PBXShellScriptBuildPhase section */
		02AB7F80FB790B2297357289 /* Warn for TODO and FIXME comments */ = {
			isa = PBXShellScriptBuildPhase;
			buildActionMask = 2147483647;
			files = (
			);
			inputPaths = (
			);
			name = "Warn for TODO and FIXME comments";
			outputPaths = (
			);
			runOnlyForDeploymentPostprocessing = 0;
			shellPath = /bin/sh;
			shellScript = "KEYWORDS=\"TODO:|FIXME:|\\?\\?\\?:|\\!\\!\\!:\"\nFILE_EXTENSIONS=\"swift|h|m|mm|c|cpp\"\nfind -E \"${SRCROOT}\" -ipath \"${SRCROOT}/Carthage\" -o -ipath \"${SRCROOT}/pods\" -prune -o \\( -regex \".*\\.($FILE_EXTENSIONS)$\" \\) -print0 | xargs -0 egrep --with-filename --line-number --only-matching \"($KEYWORDS).*\\$\" | perl -p -e \"s/($KEYWORDS)/ warning: \\$1/\"\n";
		};
		0E92B7F7699BD71C3E6E5E45 /* [CP] Copy Pods Resources */ = {
			isa = PBXShellScriptBuildPhase;
			buildActionMask = 2147483647;
			files = (
			);
			inputPaths = (
			);
			name = "[CP] Copy Pods Resources";
			outputPaths = (
			);
			runOnlyForDeploymentPostprocessing = 0;
			shellPath = /bin/sh;
			shellScript = "\"${SRCROOT}/Pods/Target Support Files/Pods-Botnet/Pods-Botnet-resources.sh\"\n";
			showEnvVarsInLog = 0;
		};
		236584F3E91D3B250538064F /* [CP] Copy Pods Resources */ = {
			isa = PBXShellScriptBuildPhase;
			buildActionMask = 2147483647;
			files = (
			);
			inputPaths = (
			);
			name = "[CP] Copy Pods Resources";
			outputPaths = (
			);
			runOnlyForDeploymentPostprocessing = 0;
			shellPath = /bin/sh;
			shellScript = "\"${SRCROOT}/Pods/Target Support Files/Pods-unit_tests-UnitTests/Pods-unit_tests-UnitTests-resources.sh\"\n";
			showEnvVarsInLog = 0;
		};
		6106EF2348DC509BF6A4F368 /* Copy frameworks (Carthage) */ = {
			isa = PBXShellScriptBuildPhase;
			buildActionMask = 2147483647;
			files = (
			);
			inputPaths = (
			);
			name = "Copy frameworks (Carthage)";
			outputPaths = (
			);
			runOnlyForDeploymentPostprocessing = 0;
			shellPath = /bin/sh;
			shellScript = "/usr/local/bin/carthage copy-frameworks\n";
		};
		6317D09E92FACDE57E35A17C /* [CP] Check Pods Manifest.lock */ = {
			isa = PBXShellScriptBuildPhase;
			buildActionMask = 2147483647;
			files = (
			);
			inputPaths = (
			);
			name = "[CP] Check Pods Manifest.lock";
			outputPaths = (
			);
			runOnlyForDeploymentPostprocessing = 0;
			shellPath = /bin/sh;
			shellScript = "diff \"${PODS_ROOT}/../Podfile.lock\" \"${PODS_ROOT}/Manifest.lock\" > /dev/null\nif [[ $? != 0 ]] ; then\n    cat << EOM\nerror: The sandbox is not in sync with the Podfile.lock. Run 'pod install' or update your CocoaPods installation.\nEOM\n    exit 1\nfi\n";
			showEnvVarsInLog = 0;
		};
		7997846C61DC31E180E92169 /* Set version number */ = {
			isa = PBXShellScriptBuildPhase;
			buildActionMask = 2147483647;
			files = (
			);
			inputPaths = (
			);
			name = "Set version number";
			outputPaths = (
			);
			runOnlyForDeploymentPostprocessing = 0;
			shellPath = /bin/sh;
			shellScript = "git=$(sh /etc/profile; which git)\ngit_release_version=$(\"$git\" describe --tags --always --abbrev=0)\nnumber_of_commits=$(\"$git\" rev-list master --count)\ntarget_plist=\"$TARGET_BUILD_DIR/$INFOPLIST_PATH\"\ndsym_plist=\"$DWARF_DSYM_FOLDER_PATH/$DWARF_DSYM_FILE_NAME/Contents/Info.plist\"\n\nfor plist in \"$target_plist\" \"$dsym_plist\"; do\n  if [ -f \"$plist\" ]; then\n    /usr/libexec/PlistBuddy -c \"Set :CFBundleVersion $number_of_commits\" \"$plist\"\n    /usr/libexec/PlistBuddy -c \"Set :CFBundleShortVersionString ${git_release_version#*v}\" \"$plist\"\n  fi\ndone\n";
		};
		86C521E79850A89398EDDF2F /* [CP] Embed Pods Frameworks */ = {
			isa = PBXShellScriptBuildPhase;
			buildActionMask = 2147483647;
			files = (
			);
			inputPaths = (
			);
			name = "[CP] Embed Pods Frameworks";
			outputPaths = (
			);
			runOnlyForDeploymentPostprocessing = 0;
			shellPath = /bin/sh;
			shellScript = "\"${SRCROOT}/Pods/Target Support Files/Pods-Botnet/Pods-Botnet-frameworks.sh\"\n";
			showEnvVarsInLog = 0;
		};
		E2E24517ABC330D237BB64D9 /* [CP] Embed Pods Frameworks */ = {
			isa = PBXShellScriptBuildPhase;
			buildActionMask = 2147483647;
			files = (
			);
			inputPaths = (
			);
			name = "[CP] Embed Pods Frameworks";
			outputPaths = (
			);
			runOnlyForDeploymentPostprocessing = 0;
			shellPath = /bin/sh;
			shellScript = "\"${SRCROOT}/Pods/Target Support Files/Pods-unit_tests-UnitTests/Pods-unit_tests-UnitTests-frameworks.sh\"\n";
			showEnvVarsInLog = 0;
		};
		F0B5724E9F7484FDB9DE47E6 /* [CP] Check Pods Manifest.lock */ = {
			isa = PBXShellScriptBuildPhase;
			buildActionMask = 2147483647;
			files = (
			);
			inputPaths = (
			);
			name = "[CP] Check Pods Manifest.lock";
			outputPaths = (
			);
			runOnlyForDeploymentPostprocessing = 0;
			shellPath = /bin/sh;
			shellScript = "diff \"${PODS_ROOT}/../Podfile.lock\" \"${PODS_ROOT}/Manifest.lock\" > /dev/null\nif [[ $? != 0 ]] ; then\n    cat << EOM\nerror: The sandbox is not in sync with the Podfile.lock. Run 'pod install' or update your CocoaPods installation.\nEOM\n    exit 1\nfi\n";
			showEnvVarsInLog = 0;
		};
/* End PBXShellScriptBuildPhase section */

/* Begin PBXSourcesBuildPhase section */
		71371ED0B9E82E61322234FE /* Sources */ = {
			isa = PBXSourcesBuildPhase;
			buildActionMask = 2147483647;
			files = (
				3025C5017E38755ED543C19F /* AppDelegate.swift in Sources */,
				E77F283F1D10B5620069E1F2 /* Environment.swift in Sources */,
			);
			runOnlyForDeploymentPostprocessing = 0;
		};
		A1E3A6D270B635C43B00E40C /* Sources */ = {
			isa = PBXSourcesBuildPhase;
			buildActionMask = 2147483647;
			files = (
			);
			runOnlyForDeploymentPostprocessing = 0;
		};
/* End PBXSourcesBuildPhase section */

/* Begin PBXTargetDependency section */
		68CF52C88587892C4E96E7A2 /* PBXTargetDependency */ = {
			isa = PBXTargetDependency;
			name = Botnet;
			target = D434D6D4E57FA9A53A046231 /* Botnet */;
			targetProxy = 2960B026059B57DCAB2B3E5C /* PBXContainerItemProxy */;
		};
/* End PBXTargetDependency section */

/* Begin XCBuildConfiguration section */
		1B33B158F4A6329F81DFEC9C /* Debug */ = {
			isa = XCBuildConfiguration;
			baseConfigurationReference = F4C5B4B7761ECA7AD6A3D6C2 /* Pods-Botnet.debug.xcconfig */;
			buildSettings = {
				ASSETCATALOG_COMPILER_APPICON_NAME = AppIcon;
				"CODE_SIGN_IDENTITY[sdk=iphoneos*]" = "iPhone Developer";
				ENABLE_STRICT_OBJC_MSGSEND = YES;
				INFOPLIST_FILE = "Botnet/Resources/Other-Sources/Info.plist";
				LD_RUNPATH_SEARCH_PATHS = "$(inherited) @executable_path/Frameworks";
				MTL_ENABLE_DEBUG_INFO = YES;
				PRODUCT_BUNDLE_IDENTIFIER = "com.thoughtbot.${PRODUCT_NAME:rfc1034identifier}";
				PRODUCT_NAME = "$(TARGET_NAME)";
				SDKROOT = iphoneos;
			};
			name = Debug;
		};
		35F1C257CCDEA1EF0757B136 /* Release */ = {
			isa = XCBuildConfiguration;
			buildSettings = {
				ALWAYS_SEARCH_USER_PATHS = NO;
				ASSETCATALOG_COMPILER_APPICON_NAME = AppIcon;
				CLANG_CXX_LANGUAGE_STANDARD = "gnu++0x";
				CLANG_CXX_LIBRARY = "libc++";
				CLANG_ENABLE_MODULES = YES;
				CLANG_ENABLE_OBJC_ARC = YES;
				CLANG_WARN_BOOL_CONVERSION = YES;
				CLANG_WARN_CONSTANT_CONVERSION = YES;
				CLANG_WARN_DEPRECATED_OBJC_IMPLEMENTATIONS = YES;
				CLANG_WARN_DIRECT_OBJC_ISA_USAGE = YES;
				CLANG_WARN_EMPTY_BODY = YES;
				CLANG_WARN_ENUM_CONVERSION = YES;
				CLANG_WARN_IMPLICIT_SIGN_CONVERSION = YES;
				CLANG_WARN_INT_CONVERSION = YES;
				CLANG_WARN_OBJC_IMPLICIT_RETAIN_SELF = YES;
				CLANG_WARN_OBJC_ROOT_CLASS = YES;
				CLANG_WARN_SUSPICIOUS_IMPLICIT_CONVERSION = YES;
				CLANG_WARN_UNREACHABLE_CODE = YES;
				CLANG_WARN__DUPLICATE_METHOD_MATCH = YES;
				"CODE_SIGN_IDENTITY[sdk=iphoneos*]" = "iPhone Developer";
				COPY_PHASE_STRIP = YES;
				ENABLE_NS_ASSERTIONS = NO;
				GCC_C_LANGUAGE_STANDARD = gnu99;
				GCC_WARN_64_TO_32_BIT_CONVERSION = YES;
				GCC_WARN_ABOUT_DEPRECATED_FUNCTIONS = YES;
				GCC_WARN_ABOUT_MISSING_FIELD_INITIALIZERS = YES;
				GCC_WARN_ABOUT_MISSING_NEWLINE = YES;
				GCC_WARN_ABOUT_RETURN_TYPE = YES;
				GCC_WARN_CHECK_SWITCH_STATEMENTS = YES;
				GCC_WARN_INITIALIZER_NOT_FULLY_BRACKETED = YES;
				GCC_WARN_MISSING_PARENTHESES = YES;
				GCC_WARN_SHADOW = YES;
				GCC_WARN_SIGN_COMPARE = YES;
				GCC_WARN_TYPECHECK_CALLS_TO_PRINTF = YES;
				GCC_WARN_UNDECLARED_SELECTOR = YES;
				GCC_WARN_UNINITIALIZED_AUTOS = YES;
				GCC_WARN_UNUSED_FUNCTION = YES;
				GCC_WARN_UNUSED_LABEL = YES;
				GCC_WARN_UNUSED_VALUE = YES;
				GCC_WARN_UNUSED_VARIABLE = YES;
				IPHONEOS_DEPLOYMENT_TARGET = 9.0;
				RUN_CLANG_STATIC_ANALYZER = YES;
				SDKROOT = iphoneos;
				VALIDATE_PRODUCT = YES;
			};
			name = Release;
		};
		CE4CCEA6711067744130E424 /* Release */ = {
			isa = XCBuildConfiguration;
			baseConfigurationReference = 4F9AB997088AC4BB00A25708 /* Pods-Botnet.release.xcconfig */;
			buildSettings = {
				ASSETCATALOG_COMPILER_APPICON_NAME = AppIcon;
				"CODE_SIGN_IDENTITY[sdk=iphoneos*]" = "iPhone Developer";
				ENABLE_STRICT_OBJC_MSGSEND = YES;
				GCC_TREAT_WARNINGS_AS_ERRORS = YES;
				INFOPLIST_FILE = "Botnet/Resources/Other-Sources/Info.plist";
				LD_RUNPATH_SEARCH_PATHS = "$(inherited) @executable_path/Frameworks";
				MTL_ENABLE_DEBUG_INFO = NO;
				PRODUCT_BUNDLE_IDENTIFIER = "com.thoughtbot.${PRODUCT_NAME:rfc1034identifier}";
				PRODUCT_NAME = "$(TARGET_NAME)";
				SDKROOT = iphoneos;
			};
			name = Release;
		};
		DD3FB926D282D408E0109D6B /* Debug */ = {
			isa = XCBuildConfiguration;
			buildSettings = {
				ALWAYS_SEARCH_USER_PATHS = NO;
				ASSETCATALOG_COMPILER_APPICON_NAME = AppIcon;
				CLANG_CXX_LANGUAGE_STANDARD = "gnu++0x";
				CLANG_CXX_LIBRARY = "libc++";
				CLANG_ENABLE_MODULES = YES;
				CLANG_ENABLE_OBJC_ARC = YES;
				CLANG_WARN_BOOL_CONVERSION = YES;
				CLANG_WARN_CONSTANT_CONVERSION = YES;
				CLANG_WARN_DEPRECATED_OBJC_IMPLEMENTATIONS = YES;
				CLANG_WARN_DIRECT_OBJC_ISA_USAGE = YES;
				CLANG_WARN_EMPTY_BODY = YES;
				CLANG_WARN_ENUM_CONVERSION = YES;
				CLANG_WARN_IMPLICIT_SIGN_CONVERSION = YES;
				CLANG_WARN_INT_CONVERSION = YES;
				CLANG_WARN_OBJC_IMPLICIT_RETAIN_SELF = YES;
				CLANG_WARN_OBJC_ROOT_CLASS = YES;
				CLANG_WARN_SUSPICIOUS_IMPLICIT_CONVERSION = YES;
				CLANG_WARN_UNREACHABLE_CODE = YES;
				CLANG_WARN__DUPLICATE_METHOD_MATCH = YES;
				"CODE_SIGN_IDENTITY[sdk=iphoneos*]" = "iPhone Developer";
				COPY_PHASE_STRIP = NO;
				ENABLE_TESTABILITY = YES;
				GCC_C_LANGUAGE_STANDARD = gnu99;
				GCC_DYNAMIC_NO_PIC = NO;
				GCC_OPTIMIZATION_LEVEL = 0;
				GCC_PREPROCESSOR_DEFINITIONS = (
					"DEBUG=1",
					"$(inherited)",
				);
				GCC_SYMBOLS_PRIVATE_EXTERN = NO;
				GCC_WARN_64_TO_32_BIT_CONVERSION = YES;
				GCC_WARN_ABOUT_DEPRECATED_FUNCTIONS = YES;
				GCC_WARN_ABOUT_MISSING_FIELD_INITIALIZERS = YES;
				GCC_WARN_ABOUT_MISSING_NEWLINE = YES;
				GCC_WARN_ABOUT_RETURN_TYPE = YES;
				GCC_WARN_CHECK_SWITCH_STATEMENTS = YES;
				GCC_WARN_INITIALIZER_NOT_FULLY_BRACKETED = YES;
				GCC_WARN_MISSING_PARENTHESES = YES;
				GCC_WARN_SHADOW = YES;
				GCC_WARN_SIGN_COMPARE = YES;
				GCC_WARN_TYPECHECK_CALLS_TO_PRINTF = YES;
				GCC_WARN_UNDECLARED_SELECTOR = YES;
				GCC_WARN_UNINITIALIZED_AUTOS = YES;
				GCC_WARN_UNUSED_FUNCTION = YES;
				GCC_WARN_UNUSED_LABEL = YES;
				GCC_WARN_UNUSED_VALUE = YES;
				GCC_WARN_UNUSED_VARIABLE = YES;
				IPHONEOS_DEPLOYMENT_TARGET = 9.0;
				ONLY_ACTIVE_ARCH = YES;
				RUN_CLANG_STATIC_ANALYZER = YES;
				SDKROOT = iphoneos;
			};
			name = Debug;
		};
		EBDAD85B2162D65EBE10B93E /* Release */ = {
			isa = XCBuildConfiguration;
			baseConfigurationReference = BD1D261F497E5B555848E106 /* Pods-unit_tests-UnitTests.release.xcconfig */;
			buildSettings = {
				BUNDLE_LOADER = "$(BUILT_PRODUCTS_DIR)/Botnet.app/Botnet";
				ENABLE_STRICT_OBJC_MSGSEND = YES;
				FRAMEWORK_SEARCH_PATHS = (
					"$(SDKROOT)/Developer/Library/Frameworks",
					"$(inherited)",
					"$(DEVELOPER_FRAMEWORKS_DIR)",
				);
				INFOPLIST_FILE = "UnitTests/Resources/UnitTests-Info.plist";
				PRODUCT_BUNDLE_IDENTIFIER = "com.thoughtbot.${PRODUCT_NAME:rfc1034identifier}";
				PRODUCT_NAME = "$(TARGET_NAME)";
				SDKROOT = iphoneos;
				SKIP_INSTALL = YES;
				TEST_HOST = "$(BUNDLE_LOADER)";
				WRAPPER_EXTENSION = xctest;
			};
			name = Release;
		};
		F3A47009A113B3DFAB0D4762 /* Debug */ = {
			isa = XCBuildConfiguration;
			baseConfigurationReference = 6CB4489DC823FC557C24D958 /* Pods-unit_tests-UnitTests.debug.xcconfig */;
			buildSettings = {
				BUNDLE_LOADER = "$(BUILT_PRODUCTS_DIR)/Botnet.app/Botnet";
				ENABLE_STRICT_OBJC_MSGSEND = YES;
				FRAMEWORK_SEARCH_PATHS = (
					"$(SDKROOT)/Developer/Library/Frameworks",
					"$(inherited)",
					"$(DEVELOPER_FRAMEWORKS_DIR)",
				);
				INFOPLIST_FILE = "UnitTests/Resources/UnitTests-Info.plist";
				PRODUCT_BUNDLE_IDENTIFIER = "com.thoughtbot.${PRODUCT_NAME:rfc1034identifier}";
				PRODUCT_NAME = "$(TARGET_NAME)";
				SDKROOT = iphoneos;
				SKIP_INSTALL = YES;
				TEST_HOST = "$(BUNDLE_LOADER)";
				WRAPPER_EXTENSION = xctest;
			};
			name = Debug;
		};
/* End XCBuildConfiguration section */

/* Begin XCConfigurationList section */
		35957F05C471DB98E7327C0C /* Build configuration list for PBXNativeTarget "UnitTests" */ = {
			isa = XCConfigurationList;
			buildConfigurations = (
				EBDAD85B2162D65EBE10B93E /* Release */,
				F3A47009A113B3DFAB0D4762 /* Debug */,
			);
			defaultConfigurationIsVisible = 0;
			defaultConfigurationName = Release;
		};
		932E9D5E6DAEF747899CA123 /* Build configuration list for PBXNativeTarget "Botnet" */ = {
			isa = XCConfigurationList;
			buildConfigurations = (
				CE4CCEA6711067744130E424 /* Release */,
				1B33B158F4A6329F81DFEC9C /* Debug */,
			);
			defaultConfigurationIsVisible = 0;
			defaultConfigurationName = Release;
		};
		C5215157C70B51A57F34E4DB /* Build configuration list for PBXProject "Botnet" */ = {
			isa = XCConfigurationList;
			buildConfigurations = (
				DD3FB926D282D408E0109D6B /* Debug */,
				35F1C257CCDEA1EF0757B136 /* Release */,
			);
			defaultConfigurationIsVisible = 0;
			defaultConfigurationName = Release;
		};
/* End XCConfigurationList section */
	};
	rootObject = BEDAE6DC1903BFD10C7DBA17 /* Project object */;
}
